# THIS IS AN AUTOGENERATED FILE. DO NOT EDIT THIS FILE DIRECTLY.
# yarn lockfile v1


"@csstools/cascade-layer-name-parser@^1.0.0":
  version "1.0.0"
  resolved "https://registry.yarnpkg.com/@csstools/cascade-layer-name-parser/-/cascade-layer-name-parser-1.0.0.tgz#cc899fbfd2206a1b8f0a939b14ed8d42643d1758"
  integrity sha512-JxdLxJMDximX1vxCFJdwC7MD4aXNSFbOxBZuYKg2FEz4MLR0UFVmamPtzthzqzxAcU0K6ShvEFfMBrEEb16U+A==

"@csstools/css-parser-algorithms@^1.0.0":
  version "1.0.0"
  resolved "https://registry.yarnpkg.com/@csstools/css-parser-algorithms/-/css-parser-algorithms-1.0.0.tgz#63f0ecbb926abf92d6cd8d076663650ad340db8c"
  integrity sha512-lPphY34yfV15tEXiz/SYaU8hwqAhbAwqiTExv5tOfc7QZxT70VVYrsiPBaX1osdWZFowrDEAhHe4H3JnyzbjhA==

"@csstools/css-parser-algorithms@^2.0.0":
  version "2.0.0"
  resolved "https://registry.yarnpkg.com/@csstools/css-parser-algorithms/-/css-parser-algorithms-2.0.0.tgz#2f27a1f2aef94f5d009d3d83f08f1e095dff2b30"
  integrity sha512-RbukP8OjQvuH85veuzOq8abPjsvqvleZaQC6W0GJFGpwLUh8XmFMQjvtuIM9bQ589YFx4lwwAcSwN4nfcvxIEw==

"@csstools/css-tokenizer@^1.0.0":
  version "1.0.0"
  resolved "https://registry.yarnpkg.com/@csstools/css-tokenizer/-/css-tokenizer-1.0.0.tgz#161c0c9b632952ee8c2f0a62eb479d736a5627ff"
  integrity sha512-xdFjdQ+zqqkOsmee+kYRieZD9Cqh4hr01YBQ2/8NtTkMMxbtRX18MC50LX6cMrtaLryqmIdZHN9e16/l0QqnQw==

"@csstools/css-tokenizer@^2.0.0":
  version "2.0.0"
  resolved "https://registry.yarnpkg.com/@csstools/css-tokenizer/-/css-tokenizer-2.0.0.tgz#fa2a7e8f4ed965e73ba30ee80c00fa64980fd11e"
  integrity sha512-IB6EFP0Hc/YEz1sJVD47oFqJP6TXMB+OW1jXSYnOk5g+6wpk2/zkuBa0gm5edIMM9nVUZ3hF0xCBnyFbK5OIyg==

"@csstools/media-query-list-parser@^1.0.0":
  version "1.0.0"
  resolved "https://registry.yarnpkg.com/@csstools/media-query-list-parser/-/media-query-list-parser-1.0.0.tgz#17d08bfbcca677fc018e3dc3f54172a38c2fdca5"
  integrity sha512-HsTj5ejI8NKKZ4IEd6kK2kQZA/JmIVlUV8+XvO/YS9ntrlYPnbmFT3rkqtbxOVfEafblYCNOpeNw1c+fKGkAqw==

"@csstools/media-query-list-parser@^2.0.0":
  version "2.0.0"
  resolved "https://registry.yarnpkg.com/@csstools/media-query-list-parser/-/media-query-list-parser-2.0.0.tgz#06c6dce65656e4970927a603e910c6f949c5c07f"
  integrity sha512-84kEbyJjh2T4Lnz8EkVQrwNANP+dtNb0SDkI3P7kqKnGorPknQUuq8Iqf2v5UsaH08XzPp3ouVJNsyPOdI2B/Q==

"@csstools/postcss-cascade-layers@^3.0.0":
  version "3.0.0"
  resolved "https://registry.yarnpkg.com/@csstools/postcss-cascade-layers/-/postcss-cascade-layers-3.0.0.tgz#e89a7fc0415ca6c13fb9f1f59bcff9e529675135"
  integrity sha512-CpjItl5zYoROgc3f7+ptPOXJr0sFDf+0CUEmwQMd/JOAmpP9scXtAWvoFwkFKIjBDE6swqbamjIMwmYVCBL6rg==
  dependencies:
    "@csstools/selector-specificity" "^2.0.2"
    postcss-selector-parser "^6.0.10"

"@csstools/postcss-color-function@^2.0.0":
  version "2.0.0"
  resolved "https://registry.yarnpkg.com/@csstools/postcss-color-function/-/postcss-color-function-2.0.0.tgz#08bcfe7ae89c872c75d91eaf074964b6519ca217"
  integrity sha512-rB3Ur+Ns2aOEBMz3zFyjmU6uBBGko84yRD1G6Re/v2p1GRzjz8/o738syQLoxRb1TNcND0YsiKoUeaRuwfk9yw==
  dependencies:
    "@csstools/postcss-progressive-custom-properties" "^2.0.0"
    postcss-value-parser "^4.2.0"

"@csstools/postcss-font-format-keywords@^2.0.0":
  version "2.0.0"
  resolved "https://registry.yarnpkg.com/@csstools/postcss-font-format-keywords/-/postcss-font-format-keywords-2.0.0.tgz#24d6a8eb19a8ab79160184f6c90d171dfd275c31"
  integrity sha512-/ew2ScjfoN4dBWhs3CQhVp47VPVO4MVzTdpjygiW9bXj3e2MyoMXuWoBksA1LdREMh5UhrEjBmtwFIx7R2oVIA==
  dependencies:
    postcss-value-parser "^4.2.0"

"@csstools/postcss-hwb-function@^2.0.0":
  version "2.0.0"
  resolved "https://registry.yarnpkg.com/@csstools/postcss-hwb-function/-/postcss-hwb-function-2.0.0.tgz#51b4a2ca65486abfcbd245d6ad55a843b9c39c74"
  integrity sha512-1rXMiRapGL6tQJsGKzvEY78DSDc4lZXQzPkHwRBuwoJvRAdtXWQyR00Jk73TOFkmVtmo5bdbS6Rnm1f01lpmlg==
  dependencies:
    postcss-value-parser "^4.2.0"

"@csstools/postcss-ic-unit@^2.0.0":
  version "2.0.0"
  resolved "https://registry.yarnpkg.com/@csstools/postcss-ic-unit/-/postcss-ic-unit-2.0.0.tgz#b6a1aae744994543a294e8ef31c1f1b3d3389f09"
  integrity sha512-R120sQLhdNFH1K3cBpTLAwqu41L9r9BF5K+6tWMMbCpSiUXhNcYCJWbghf2546No9HBiWGL8YLZabsuaHKAEKg==
  dependencies:
    "@csstools/postcss-progressive-custom-properties" "^2.0.0"
    postcss-value-parser "^4.2.0"

"@csstools/postcss-is-pseudo-class@^3.0.0":
  version "3.0.0"
  resolved "https://registry.yarnpkg.com/@csstools/postcss-is-pseudo-class/-/postcss-is-pseudo-class-3.0.0.tgz#b6c1296988898b25f03866e899d936121e09d4ef"
  integrity sha512-rz3Ch3gxMeOdMDppuikEmlI3jhnkQd/OM/xAmSjPeCfhYPy37BlNTgsxpaPVizkhkMOfibH/eMkzeXNbXdBBXw==
  dependencies:
    "@csstools/selector-specificity" "^2.0.0"
    postcss-selector-parser "^6.0.10"

"@csstools/postcss-logical-float-and-clear@^1.0.0":
  version "1.0.0"
  resolved "https://registry.yarnpkg.com/@csstools/postcss-logical-float-and-clear/-/postcss-logical-float-and-clear-1.0.0.tgz#decbd886f6ceb1ece72030afa3f75b4f8adbd5ee"
  integrity sha512-duwyZx5NHEi3DYtk8vTnZ/QwxXYIm7OaXPEfDflbwEIlpB1wNbY9m7TnLT4vZRPv6yAxHEDoHJXS/Zj36mC7uw==

"@csstools/postcss-logical-resize@^1.0.0":
  version "1.0.0"
  resolved "https://registry.yarnpkg.com/@csstools/postcss-logical-resize/-/postcss-logical-resize-1.0.0.tgz#4f0942ec91c5e09524624e4669904b95b348ef53"
  integrity sha512-gsySHNBxhHI76I0MmoHz+OJ+EWlEl7TQFKdpRmKG0bfdYZVZaAexAHXLulJL3Tp3ifcD0ev9fSsIPYGeKTx2qA==
  dependencies:
    postcss-value-parser "^4.2.0"

"@csstools/postcss-logical-viewport-units@^1.0.0":
  version "1.0.1"
  resolved "https://registry.yarnpkg.com/@csstools/postcss-logical-viewport-units/-/postcss-logical-viewport-units-1.0.1.tgz#b4e775261a592b16cb419b21f47b8779ac6fd450"
  integrity sha512-KAZyurROvdd0oFsD33LBXQYq15r25MOpPnpSsZvnPnPIFM0I9XL0EDPILgKiRRQbdjx0SvCWRtxtT4BiOkxpig==
  dependencies:
    "@csstools/css-tokenizer" "^2.0.0"

"@csstools/postcss-media-queries-aspect-ratio-number-values@^1.0.0":
  version "1.0.0"
  resolved "https://registry.yarnpkg.com/@csstools/postcss-media-queries-aspect-ratio-number-values/-/postcss-media-queries-aspect-ratio-number-values-1.0.0.tgz#152e8db29986186f792bc4f5cd773ded1982d763"
  integrity sha512-gC5RQSI/42TbaOdPZoObcL4lhLYggBzTp/PTypcmLMp8JLPQdlJq2Ys0t8pxfDw98GvsHZahUbhPxJaebbCT1w==
  dependencies:
    "@csstools/css-parser-algorithms" "^1.0.0"
    "@csstools/css-tokenizer" "^1.0.0"
    "@csstools/media-query-list-parser" "^1.0.0"

"@csstools/postcss-nested-calc@^2.0.0":
  version "2.0.0"
  resolved "https://registry.yarnpkg.com/@csstools/postcss-nested-calc/-/postcss-nested-calc-2.0.0.tgz#13517a25b7b9b688bc435e6bfaac0b4e770c8dab"
  integrity sha512-omq/2O2ZENbCa/UY9i6uo4MloNMXZg/lqMv0utOwlNFUgdrpMdnDKWcNRiHV5OvlOnvg188MRyzHwQjqapbJ7w==
  dependencies:
    postcss-value-parser "^4.2.0"

"@csstools/postcss-normalize-display-values@^2.0.0":
  version "2.0.0"
  resolved "https://registry.yarnpkg.com/@csstools/postcss-normalize-display-values/-/postcss-normalize-display-values-2.0.0.tgz#3c3b62eefeff1a77f3fcead30c5d870a734dcf07"
  integrity sha512-mN5ycsvVkPjt81fVo33p142imrhSBN3LAvvuP6qfkQ6C3452IWO1ZcbYQ/QYcYBymChsmbXmk1jQNZ2kZOFZag==
  dependencies:
    postcss-value-parser "^4.2.0"

"@csstools/postcss-oklab-function@^2.0.0":
  version "2.0.0"
  resolved "https://registry.yarnpkg.com/@csstools/postcss-oklab-function/-/postcss-oklab-function-2.0.0.tgz#d3d0b37687b937e6b2cd6225235c89a7e5b42c0d"
  integrity sha512-PONCTLUqo0GFGG+adf6ZUJt7icC8s1SYxC18S9AQhRAGp4m9Fe9EnpaJofikCuZYHkrxr8ngh6D1mSHwA9aryQ==
  dependencies:
    "@csstools/postcss-progressive-custom-properties" "^2.0.0"
    postcss-value-parser "^4.2.0"

"@csstools/postcss-progressive-custom-properties@^2.0.0":
  version "2.0.0"
  resolved "https://registry.yarnpkg.com/@csstools/postcss-progressive-custom-properties/-/postcss-progressive-custom-properties-2.0.0.tgz#ada4d35c6891719d0d060f75d912eac11d8e47a9"
  integrity sha512-jQl/sQRcMwgaWWzmy65LtxVWnSvRFnhnaRVCvHaMLf5ZT2LRE5w3EG7Z4FqV6IK4L/vB/GSZSzl8AEA9CXN8Zg==
  dependencies:
    postcss-value-parser "^4.2.0"

"@csstools/postcss-scope-pseudo-class@^2.0.0":
  version "2.0.0"
  resolved "https://registry.yarnpkg.com/@csstools/postcss-scope-pseudo-class/-/postcss-scope-pseudo-class-2.0.0.tgz#c0ffcda590a110e7b42c5fe67ca9db1cb8022d01"
  integrity sha512-YvsluKH7w/R86BLDl9urwpMUc5PAdeRdrWj20AcHCmr9+2FdsIuWZxYWnof6kNdVYGpK1ox7lXXuCz06VBowPw==
  dependencies:
    postcss-selector-parser "^6.0.10"

"@csstools/postcss-stepped-value-functions@^2.0.0":
  version "2.0.0"
  resolved "https://registry.yarnpkg.com/@csstools/postcss-stepped-value-functions/-/postcss-stepped-value-functions-2.0.0.tgz#7bc749e0709d57999d944b33c01308f533114ae8"
  integrity sha512-6PWwbiolpSx9Lbmdq39wvt9XKYjWlnIq5cRkAKrZA1lJsL09GRmYdwjYjBuESe6mrkysOED4CIMwEJ+EbginLA==
  dependencies:
    postcss-value-parser "^4.2.0"

"@csstools/postcss-text-decoration-shorthand@^2.0.0":
  version "2.0.0"
  resolved "https://registry.yarnpkg.com/@csstools/postcss-text-decoration-shorthand/-/postcss-text-decoration-shorthand-2.0.0.tgz#af5c3fff36c41c72b4b92d033b21653aca01a42a"
  integrity sha512-+Ce+VVbEj2/TJUGUULiMyC/30JruYpCcADwWSW8kLUoO35XWQWQW09MCRFhTS50AHvIuzYG8lZ5TeFXuVAt/uw==
  dependencies:
    postcss-value-parser "^4.2.0"

"@csstools/postcss-trigonometric-functions@^2.0.0":
  version "2.0.0"
  resolved "https://registry.yarnpkg.com/@csstools/postcss-trigonometric-functions/-/postcss-trigonometric-functions-2.0.0.tgz#af0fbc03aff0f8798dcd3b36c0edae292b639ce4"
  integrity sha512-T7SZreVZUX0b2m3+X25Bp7cW2eJWfsCm40NoERSZPxsW6He8zuz+Hx6opOVelMyoM8YvYIBOFns8eNCHX7WL/Q==
  dependencies:
    postcss-value-parser "^4.2.0"

"@csstools/postcss-unset-value@^2.0.0":
  version "2.0.0"
  resolved "https://registry.yarnpkg.com/@csstools/postcss-unset-value/-/postcss-unset-value-2.0.0.tgz#768e85f941e32e22dedc642626702e95628567a4"
  integrity sha512-dx15RWSMlYsgtcl4YkVOe7Rd8tEEx8AEBnxpURI7AQa4dDJC3utZWD3am4Ynx2aoGu5C5lMF/RvSA3+uRpHPXw==

"@csstools/selector-specificity@^2.0.0":
  version "2.0.1"
  resolved "https://registry.yarnpkg.com/@csstools/selector-specificity/-/selector-specificity-2.0.1.tgz#b6b8d81780b9a9f6459f4bfe9226ac6aefaefe87"
  integrity sha512-aG20vknL4/YjQF9BSV7ts4EWm/yrjagAN7OWBNmlbEOUiu0llj4OGrFoOKK3g2vey4/p2omKCoHrWtPxSwV3HA==

"@csstools/selector-specificity@^2.0.1":
  version "2.1.0"
  resolved "https://registry.yarnpkg.com/@csstools/selector-specificity/-/selector-specificity-2.1.0.tgz#923ebf8ba47e854863ae72510d9cbf7b44d525ea"
  integrity sha512-zJ6hb3FDgBbO8d2e83vg6zq7tNvDqSq9RwdwfzJ8tdm9JHNvANq2fqwyRn6mlpUb7CwTs5ILdUrGwi9Gk4vY5w==

"@csstools/selector-specificity@^2.0.2":
  version "2.0.2"
  resolved "https://registry.yarnpkg.com/@csstools/selector-specificity/-/selector-specificity-2.0.2.tgz#1bfafe4b7ed0f3e4105837e056e0a89b108ebe36"
  integrity sha512-IkpVW/ehM1hWKln4fCA3NzJU8KwD+kIOvPZA4cqxoJHtE21CCzjyp+Kxbu0i5I4tBNOlXPL9mjwnWlL0VEG4Fg==

"@esbuild/android-arm64@0.16.17":
  version "0.16.17"
  resolved "https://registry.yarnpkg.com/@esbuild/android-arm64/-/android-arm64-0.16.17.tgz#cf91e86df127aa3d141744edafcba0abdc577d23"
  integrity sha512-MIGl6p5sc3RDTLLkYL1MyL8BMRN4tLMRCn+yRJJmEDvYZ2M7tmAf80hx1kbNEUX2KJ50RRtxZ4JHLvCfuB6kBg==

"@esbuild/android-arm@0.16.17":
  version "0.16.17"
  resolved "https://registry.yarnpkg.com/@esbuild/android-arm/-/android-arm-0.16.17.tgz#025b6246d3f68b7bbaa97069144fb5fb70f2fff2"
  integrity sha512-N9x1CMXVhtWEAMS7pNNONyA14f71VPQN9Cnavj1XQh6T7bskqiLLrSca4O0Vr8Wdcga943eThxnVp3JLnBMYtw==

"@esbuild/android-x64@0.16.17":
  version "0.16.17"
  resolved "https://registry.yarnpkg.com/@esbuild/android-x64/-/android-x64-0.16.17.tgz#c820e0fef982f99a85c4b8bfdd582835f04cd96e"
  integrity sha512-a3kTv3m0Ghh4z1DaFEuEDfz3OLONKuFvI4Xqczqx4BqLyuFaFkuaG4j2MtA6fuWEFeC5x9IvqnX7drmRq/fyAQ==

"@esbuild/darwin-arm64@0.16.17":
  version "0.16.17"
  resolved "https://registry.yarnpkg.com/@esbuild/darwin-arm64/-/darwin-arm64-0.16.17.tgz#edef4487af6b21afabba7be5132c26d22379b220"
  integrity sha512-/2agbUEfmxWHi9ARTX6OQ/KgXnOWfsNlTeLcoV7HSuSTv63E4DqtAc+2XqGw1KHxKMHGZgbVCZge7HXWX9Vn+w==

"@esbuild/darwin-x64@0.16.17":
  version "0.16.17"
  resolved "https://registry.yarnpkg.com/@esbuild/darwin-x64/-/darwin-x64-0.16.17.tgz#42829168730071c41ef0d028d8319eea0e2904b4"
  integrity sha512-2By45OBHulkd9Svy5IOCZt376Aa2oOkiE9QWUK9fe6Tb+WDr8hXL3dpqi+DeLiMed8tVXspzsTAvd0jUl96wmg==

"@esbuild/freebsd-arm64@0.16.17":
  version "0.16.17"
  resolved "https://registry.yarnpkg.com/@esbuild/freebsd-arm64/-/freebsd-arm64-0.16.17.tgz#1f4af488bfc7e9ced04207034d398e793b570a27"
  integrity sha512-mt+cxZe1tVx489VTb4mBAOo2aKSnJ33L9fr25JXpqQqzbUIw/yzIzi+NHwAXK2qYV1lEFp4OoVeThGjUbmWmdw==

"@esbuild/freebsd-x64@0.16.17":
  version "0.16.17"
  resolved "https://registry.yarnpkg.com/@esbuild/freebsd-x64/-/freebsd-x64-0.16.17.tgz#636306f19e9bc981e06aa1d777302dad8fddaf72"
  integrity sha512-8ScTdNJl5idAKjH8zGAsN7RuWcyHG3BAvMNpKOBaqqR7EbUhhVHOqXRdL7oZvz8WNHL2pr5+eIT5c65kA6NHug==

"@esbuild/linux-arm64@0.16.17":
  version "0.16.17"
  resolved "https://registry.yarnpkg.com/@esbuild/linux-arm64/-/linux-arm64-0.16.17.tgz#a003f7ff237c501e095d4f3a09e58fc7b25a4aca"
  integrity sha512-7S8gJnSlqKGVJunnMCrXHU9Q8Q/tQIxk/xL8BqAP64wchPCTzuM6W3Ra8cIa1HIflAvDnNOt2jaL17vaW+1V0g==

"@esbuild/linux-arm@0.16.17":
  version "0.16.17"
  resolved "https://registry.yarnpkg.com/@esbuild/linux-arm/-/linux-arm-0.16.17.tgz#b591e6a59d9c4fe0eeadd4874b157ab78cf5f196"
  integrity sha512-iihzrWbD4gIT7j3caMzKb/RsFFHCwqqbrbH9SqUSRrdXkXaygSZCZg1FybsZz57Ju7N/SHEgPyaR0LZ8Zbe9gQ==

"@esbuild/linux-ia32@0.16.17":
  version "0.16.17"
  resolved "https://registry.yarnpkg.com/@esbuild/linux-ia32/-/linux-ia32-0.16.17.tgz#24333a11027ef46a18f57019450a5188918e2a54"
  integrity sha512-kiX69+wcPAdgl3Lonh1VI7MBr16nktEvOfViszBSxygRQqSpzv7BffMKRPMFwzeJGPxcio0pdD3kYQGpqQ2SSg==

"@esbuild/linux-loong64@0.16.17":
  version "0.16.17"
  resolved "https://registry.yarnpkg.com/@esbuild/linux-loong64/-/linux-loong64-0.16.17.tgz#d5ad459d41ed42bbd4d005256b31882ec52227d8"
  integrity sha512-dTzNnQwembNDhd654cA4QhbS9uDdXC3TKqMJjgOWsC0yNCbpzfWoXdZvp0mY7HU6nzk5E0zpRGGx3qoQg8T2DQ==

"@esbuild/linux-mips64el@0.16.17":
  version "0.16.17"
  resolved "https://registry.yarnpkg.com/@esbuild/linux-mips64el/-/linux-mips64el-0.16.17.tgz#4e5967a665c38360b0a8205594377d4dcf9c3726"
  integrity sha512-ezbDkp2nDl0PfIUn0CsQ30kxfcLTlcx4Foz2kYv8qdC6ia2oX5Q3E/8m6lq84Dj/6b0FrkgD582fJMIfHhJfSw==

"@esbuild/linux-ppc64@0.16.17":
  version "0.16.17"
  resolved "https://registry.yarnpkg.com/@esbuild/linux-ppc64/-/linux-ppc64-0.16.17.tgz#206443a02eb568f9fdf0b438fbd47d26e735afc8"
  integrity sha512-dzS678gYD1lJsW73zrFhDApLVdM3cUF2MvAa1D8K8KtcSKdLBPP4zZSLy6LFZ0jYqQdQ29bjAHJDgz0rVbLB3g==

"@esbuild/linux-riscv64@0.16.17":
  version "0.16.17"
  resolved "https://registry.yarnpkg.com/@esbuild/linux-riscv64/-/linux-riscv64-0.16.17.tgz#c351e433d009bf256e798ad048152c8d76da2fc9"
  integrity sha512-ylNlVsxuFjZK8DQtNUwiMskh6nT0vI7kYl/4fZgV1llP5d6+HIeL/vmmm3jpuoo8+NuXjQVZxmKuhDApK0/cKw==

"@esbuild/linux-s390x@0.16.17":
  version "0.16.17"
  resolved "https://registry.yarnpkg.com/@esbuild/linux-s390x/-/linux-s390x-0.16.17.tgz#661f271e5d59615b84b6801d1c2123ad13d9bd87"
  integrity sha512-gzy7nUTO4UA4oZ2wAMXPNBGTzZFP7mss3aKR2hH+/4UUkCOyqmjXiKpzGrY2TlEUhbbejzXVKKGazYcQTZWA/w==

"@esbuild/linux-x64@0.16.17":
  version "0.16.17"
  resolved "https://registry.yarnpkg.com/@esbuild/linux-x64/-/linux-x64-0.16.17.tgz#e4ba18e8b149a89c982351443a377c723762b85f"
  integrity sha512-mdPjPxfnmoqhgpiEArqi4egmBAMYvaObgn4poorpUaqmvzzbvqbowRllQ+ZgzGVMGKaPkqUmPDOOFQRUFDmeUw==

"@esbuild/netbsd-x64@0.16.17":
  version "0.16.17"
  resolved "https://registry.yarnpkg.com/@esbuild/netbsd-x64/-/netbsd-x64-0.16.17.tgz#7d4f4041e30c5c07dd24ffa295c73f06038ec775"
  integrity sha512-/PzmzD/zyAeTUsduZa32bn0ORug+Jd1EGGAUJvqfeixoEISYpGnAezN6lnJoskauoai0Jrs+XSyvDhppCPoKOA==

"@esbuild/openbsd-x64@0.16.17":
  version "0.16.17"
  resolved "https://registry.yarnpkg.com/@esbuild/openbsd-x64/-/openbsd-x64-0.16.17.tgz#970fa7f8470681f3e6b1db0cc421a4af8060ec35"
  integrity sha512-2yaWJhvxGEz2RiftSk0UObqJa/b+rIAjnODJgv2GbGGpRwAfpgzyrg1WLK8rqA24mfZa9GvpjLcBBg8JHkoodg==

"@esbuild/sunos-x64@0.16.17":
  version "0.16.17"
  resolved "https://registry.yarnpkg.com/@esbuild/sunos-x64/-/sunos-x64-0.16.17.tgz#abc60e7c4abf8b89fb7a4fe69a1484132238022c"
  integrity sha512-xtVUiev38tN0R3g8VhRfN7Zl42YCJvyBhRKw1RJjwE1d2emWTVToPLNEQj/5Qxc6lVFATDiy6LjVHYhIPrLxzw==

"@esbuild/win32-arm64@0.16.17":
  version "0.16.17"
  resolved "https://registry.yarnpkg.com/@esbuild/win32-arm64/-/win32-arm64-0.16.17.tgz#7b0ff9e8c3265537a7a7b1fd9a24e7bd39fcd87a"
  integrity sha512-ga8+JqBDHY4b6fQAmOgtJJue36scANy4l/rL97W+0wYmijhxKetzZdKOJI7olaBaMhWt8Pac2McJdZLxXWUEQw==

"@esbuild/win32-ia32@0.16.17":
  version "0.16.17"
  resolved "https://registry.yarnpkg.com/@esbuild/win32-ia32/-/win32-ia32-0.16.17.tgz#e90fe5267d71a7b7567afdc403dfd198c292eb09"
  integrity sha512-WnsKaf46uSSF/sZhwnqE4L/F89AYNMiD4YtEcYekBt9Q7nj0DiId2XH2Ng2PHM54qi5oPrQ8luuzGszqi/veig==

"@esbuild/win32-x64@0.16.17":
  version "0.16.17"
  resolved "https://registry.yarnpkg.com/@esbuild/win32-x64/-/win32-x64-0.16.17.tgz#c5a1a4bfe1b57f0c3e61b29883525c6da3e5c091"
  integrity sha512-y+EHuSchhL7FjHgvQL/0fnnFmO4T1bhvWANX6gcnqTjtnKWbTvUMCpGnv2+t+31d7RzyEAYAd4u2fnIhHL6N/Q==

autoprefixer@^10.4.13:
  version "10.4.13"
  resolved "https://registry.yarnpkg.com/autoprefixer/-/autoprefixer-10.4.13.tgz#b5136b59930209a321e9fa3dca2e7c4d223e83a8"
  integrity sha512-49vKpMqcZYsJjwotvt4+h/BCjJVnhGwcLpDt5xkcaOG3eLrG/HUYLagrihYsQ+qrIBgIzX1Rw7a6L8I/ZA1Atg==
  dependencies:
    browserslist "^4.21.4"
    caniuse-lite "^1.0.30001426"
    fraction.js "^4.2.0"
    normalize-range "^0.1.2"
    picocolors "^1.0.0"
    postcss-value-parser "^4.2.0"

balanced-match@^1.0.0:
  version "1.0.2"
  resolved "https://registry.yarnpkg.com/balanced-match/-/balanced-match-1.0.2.tgz#e83e3a7e3f300b34cb9d87f615fa0cbf357690ee"
  integrity sha512-3oSeUO0TMV67hN1AmbXsK4yaqU7tjiHlbxRDZOpH0KW9+CeX4bRAaX0Anxt0tx2MrpRpWwQaPwIlISEJhYU5Pw==

brace-expansion@^2.0.1:
  version "2.0.1"
  resolved "https://registry.yarnpkg.com/brace-expansion/-/brace-expansion-2.0.1.tgz#1edc459e0f0c548486ecf9fc99f2221364b9a0ae"
  integrity sha512-XnAIvQ8eM+kC6aULx6wuQiwVsnzsi9d3WxzV3FpWTGA19F621kwdbsAcFKXgKUHZWsy+mY6iL1sHTxWEFCytDA==
  dependencies:
    balanced-match "^1.0.0"

browserslist@^4.21.4:
  version "4.21.4"
  resolved "https://registry.yarnpkg.com/browserslist/-/browserslist-4.21.4.tgz#e7496bbc67b9e39dd0f98565feccdcb0d4ff6987"
  integrity sha512-CBHJJdDmgjl3daYjN5Cp5kbTf1mUhZoS+beLklHIvkOWscs83YAhLlF3Wsh/lciQYAcbBJgTOD44VtG31ZM4Hw==
  dependencies:
    caniuse-lite "^1.0.30001400"
    electron-to-chromium "^1.4.251"
    node-releases "^2.0.6"
    update-browserslist-db "^1.0.9"

caniuse-lite@^1.0.30001400, caniuse-lite@^1.0.30001426:
  version "1.0.30001431"
  resolved "https://registry.yarnpkg.com/caniuse-lite/-/caniuse-lite-1.0.30001431.tgz#e7c59bd1bc518fae03a4656be442ce6c4887a795"
  integrity sha512-zBUoFU0ZcxpvSt9IU66dXVT/3ctO1cy4y9cscs1szkPlcWb6pasYM144GqrUygUbT+k7cmUCW61cvskjcv0enQ==

css-blank-pseudo@^5.0.0:
  version "5.0.0"
  resolved "https://registry.yarnpkg.com/css-blank-pseudo/-/css-blank-pseudo-5.0.0.tgz#eadfbe41ff13c1040fb79661a50251cf0db1363f"
  integrity sha512-2QwvERc+e7bWoO6Cva1goJR3r/qe2opbizEWpWEtKAxW9KDpEovI2Y8M2UgqoEVQyPAsWJwWnBpSpItqvjveoQ==
  dependencies:
    postcss-selector-parser "^6.0.10"

css-has-pseudo@^5.0.0:
  version "5.0.0"
  resolved "https://registry.yarnpkg.com/css-has-pseudo/-/css-has-pseudo-5.0.0.tgz#b25602c0db983fcab2f6297f97a6a44095994c5f"
  integrity sha512-vFe2z1/y8xG3JiJCAMOoCCXCwSbG2ndQJqFVVaFHoSuaEmvni8VNuFTC9IAYmqJU7c5elPEXJm40i/x5Zk0GSQ==
  dependencies:
    "@csstools/selector-specificity" "^2.0.1"
    postcss-selector-parser "^6.0.10"
    postcss-value-parser "^4.2.0"

css-prefers-color-scheme@^8.0.0:
  version "8.0.0"
  resolved "https://registry.yarnpkg.com/css-prefers-color-scheme/-/css-prefers-color-scheme-8.0.0.tgz#e5db0bbaefc824b1606a5e8215925db6592dff60"
  integrity sha512-Fb6GOyJRTI3YZ1v0ySi/X+at+ImRGgySsHvAXYsFo62aTa+ClaMi8E9R/oQmJmD8WPpNHgZXQ1nhkXbCCCne3g==

cssdb@^7.4.0:
  version "7.4.1"
  resolved "https://registry.yarnpkg.com/cssdb/-/cssdb-7.4.1.tgz#61d55c0173126689922a219e15e131e4b5caf422"
  integrity sha512-0Q8NOMpXJ3iTDDbUv9grcmQAfdDx4qz+fN/+Md2FGbevT+6+bJNQ2LjB2YIUlLbpBTM32idU1Sb+tb/uGt6/XQ==

cssesc@^3.0.0:
  version "3.0.0"
  resolved "https://registry.yarnpkg.com/cssesc/-/cssesc-3.0.0.tgz#37741919903b868565e1c09ea747445cd18983ee"
  integrity sha512-/Tb/JcjK111nNScGob5MNtsntNM1aCNUDipB/TkwZFhyDrrE47SOx/18wF2bbjgc3ZzCSKW1T5nt5EbFoAz/Vg==

electron-to-chromium@^1.4.251:
  version "1.4.284"
  resolved "https://registry.yarnpkg.com/electron-to-chromium/-/electron-to-chromium-1.4.284.tgz#61046d1e4cab3a25238f6bf7413795270f125592"
  integrity sha512-M8WEXFuKXMYMVr45fo8mq0wUrrJHheiKZf6BArTKk9ZBYCKJEOU5H8cdWgDT+qCVZf7Na4lVUaZsA+h6uA9+PA==

esbuild@0.16.17:
  version "0.16.17"
  resolved "https://registry.yarnpkg.com/esbuild/-/esbuild-0.16.17.tgz#fc2c3914c57ee750635fee71b89f615f25065259"
  integrity sha512-G8LEkV0XzDMNwXKgM0Jwu3nY3lSTwSGY6XbxM9cr9+s0T/qSV1q1JVPBGzm3dcjhCic9+emZDmMffkwgPeOeLg==
  optionalDependencies:
    "@esbuild/android-arm" "0.16.17"
    "@esbuild/android-arm64" "0.16.17"
    "@esbuild/android-x64" "0.16.17"
    "@esbuild/darwin-arm64" "0.16.17"
    "@esbuild/darwin-x64" "0.16.17"
    "@esbuild/freebsd-arm64" "0.16.17"
    "@esbuild/freebsd-x64" "0.16.17"
    "@esbuild/linux-arm" "0.16.17"
    "@esbuild/linux-arm64" "0.16.17"
    "@esbuild/linux-ia32" "0.16.17"
    "@esbuild/linux-loong64" "0.16.17"
    "@esbuild/linux-mips64el" "0.16.17"
    "@esbuild/linux-ppc64" "0.16.17"
    "@esbuild/linux-riscv64" "0.16.17"
    "@esbuild/linux-s390x" "0.16.17"
    "@esbuild/linux-x64" "0.16.17"
    "@esbuild/netbsd-x64" "0.16.17"
    "@esbuild/openbsd-x64" "0.16.17"
    "@esbuild/sunos-x64" "0.16.17"
    "@esbuild/win32-arm64" "0.16.17"
    "@esbuild/win32-ia32" "0.16.17"
    "@esbuild/win32-x64" "0.16.17"

escalade@^3.1.1:
  version "3.1.1"
  resolved "https://registry.yarnpkg.com/escalade/-/escalade-3.1.1.tgz#d8cfdc7000965c5a0174b4a82eaa5c0552742e40"
  integrity sha512-k0er2gUkLf8O0zKJiAhmkTnJlTvINGv7ygDNPbeIsX/TJjGJZHuh9B2UxbsaEkmlEo9MfhrSzmhIlhRlI2GXnw==

fraction.js@^4.2.0:
  version "4.2.0"
  resolved "https://registry.yarnpkg.com/fraction.js/-/fraction.js-4.2.0.tgz#448e5109a313a3527f5a3ab2119ec4cf0e0e2950"
  integrity sha512-MhLuK+2gUcnZe8ZHlaaINnQLl0xRIGRfcGk2yl8xoQAfHrSsL3rYu6FCmBdkdbhc9EPlwyGHewaRsvwRMJtAlA==

fs.realpath@^1.0.0:
  version "1.0.0"
  resolved "https://registry.yarnpkg.com/fs.realpath/-/fs.realpath-1.0.0.tgz#1504ad2523158caa40db4a2787cb01411994ea4f"
  integrity sha1-FQStJSMVjKpA20onh8sBQRmU6k8=

function-bind@^1.1.1:
  version "1.1.1"
  resolved "https://registry.yarnpkg.com/function-bind/-/function-bind-1.1.1.tgz#a56899d3ea3c9bab874bb9773b7c5ede92f4895d"
  integrity sha512-yIovAzMX49sF8Yl58fSCWJ5svSLuaibPxXQJFLmBObTuCr0Mf1KiPopGM9NiFjiYBCbfaa2Fh6breQ6ANVTI0A==

glob@9.2.1:
  version "9.2.1"
  resolved "https://registry.yarnpkg.com/glob/-/glob-9.2.1.tgz#f47e34e1119e7d4f93a546e75851ba1f1e68de50"
  integrity sha512-Pxxgq3W0HyA3XUvSXcFhRSs+43Jsx0ddxcFrbjxNGkL2Ak5BAUBxLqI5G6ADDeCHLfzzXFhe0b1yYcctGmytMA==
  dependencies:
    fs.realpath "^1.0.0"
    minimatch "^7.4.1"
    minipass "^4.2.4"
    path-scurry "^1.6.1"

has@^1.0.3:
  version "1.0.3"
  resolved "https://registry.yarnpkg.com/has/-/has-1.0.3.tgz#722d7cbfc1f6aa8241f16dd814e011e1f41e8796"
  integrity sha512-f2dvO0VU6Oej7RkWJGrehjbzMAjFp5/VKPp5tTpWIV4JHHZK1/BxbFRtf/siA2SWTe09caDmVtYYzWEIbBS4zw==
  dependencies:
    function-bind "^1.1.1"

is-core-module@^2.8.0:
  version "2.8.1"
  resolved "https://registry.yarnpkg.com/is-core-module/-/is-core-module-2.8.1.tgz#f59fdfca701d5879d0a6b100a40aa1560ce27211"
  integrity sha512-SdNCUs284hr40hFTFP6l0IfZ/RSrMXF3qgoRHd3/79unUTvrFO/JoXwkGm+5J/Oe3E/b5GsnG330uUNgRpu1PA==
  dependencies:
    has "^1.0.3"

lilconfig@^2.0.5:
  version "2.0.5"
  resolved "https://registry.yarnpkg.com/lilconfig/-/lilconfig-2.0.5.tgz#19e57fd06ccc3848fd1891655b5a447092225b25"
  integrity sha512-xaYmXZtTHPAw5m+xLN8ab9C+3a8YmV3asNSPOATITbtwrfbwaLJj8h66H1WMIpALCkqsIzK3h7oQ+PdX+LQ9Eg==

lru-cache@^7.14.1:
  version "7.17.0"
  resolved "https://registry.yarnpkg.com/lru-cache/-/lru-cache-7.17.0.tgz#00c7ba5919e5ea7c69ff94ddabbf32cb09ab805c"
  integrity sha512-zSxlVVwOabhVyTi6E8gYv2cr6bXK+8ifYz5/uyJb9feXX6NACVDwY4p5Ut3WC3Ivo/QhpARHU3iujx2xGAYHbQ==

minimatch@^7.4.1:
  version "7.4.2"
  resolved "https://registry.yarnpkg.com/minimatch/-/minimatch-7.4.2.tgz#157e847d79ca671054253b840656720cb733f10f"
  integrity sha512-xy4q7wou3vUoC9k1xGTXc+awNdGaGVHtFUaey8tiX4H1QRc04DZ/rmDFwNm2EBsuYEhAZ6SgMmYf3InGY6OauA==
  dependencies:
    brace-expansion "^2.0.1"

minipass@^4.0.2, minipass@^4.2.4:
  version "4.2.4"
  resolved "https://registry.yarnpkg.com/minipass/-/minipass-4.2.4.tgz#7d0d97434b6a19f59c5c3221698b48bbf3b2cd06"
  integrity sha512-lwycX3cBMTvcejsHITUgYj6Gy6A7Nh4Q6h9NP4sTHY1ccJlC7yKzDmiShEHsJ16Jf1nKGDEaiHxiltsJEvk0nQ==

nanoid@^3.3.4:
  version "3.3.4"
  resolved "https://registry.yarnpkg.com/nanoid/-/nanoid-3.3.4.tgz#730b67e3cd09e2deacf03c027c81c9d9dbc5e8ab"
  integrity sha512-MqBkQh/OHTS2egovRtLk45wEyNXwF+cokD+1YPf9u5VfJiRdAiRwB2froX5Co9Rh20xs4siNPm8naNotSD6RBw==

node-releases@^2.0.6:
  version "2.0.6"
  resolved "https://registry.yarnpkg.com/node-releases/-/node-releases-2.0.6.tgz#8a7088c63a55e493845683ebf3c828d8c51c5503"
  integrity sha512-PiVXnNuFm5+iYkLBNeq5211hvO38y63T0i2KKh2KnUs3RpzJ+JtODFjkD8yjLwnDkTYF1eKXheUwdssR+NRZdg==

normalize-range@^0.1.2:
  version "0.1.2"
  resolved "https://registry.yarnpkg.com/normalize-range/-/normalize-range-0.1.2.tgz#2d10c06bdfd312ea9777695a4d28439456b75942"
  integrity sha1-LRDAa9/TEuqXd2laTShDlFa3WUI=

path-parse@^1.0.7:
  version "1.0.7"
  resolved "https://registry.yarnpkg.com/path-parse/-/path-parse-1.0.7.tgz#fbc114b60ca42b30d9daf5858e4bd68bbedb6735"
  integrity sha512-LDJzPVEEEPR+y48z93A0Ed0yXb8pAByGWo/k5YYdYgpY2/2EsOsksJrq7lOHxryrVOn1ejG6oAp8ahvOIQD8sw==

path-scurry@^1.6.1:
  version "1.6.1"
  resolved "https://registry.yarnpkg.com/path-scurry/-/path-scurry-1.6.1.tgz#dab45f7bb1d3f45a0e271ab258999f4ab7e23132"
  integrity sha512-OW+5s+7cw6253Q4E+8qQ/u1fVvcJQCJo/VFD8pje+dbJCF1n5ZRMV2AEHbGp+5Q7jxQIYJxkHopnj6nzdGeZLA==
  dependencies:
    lru-cache "^7.14.1"
    minipass "^4.0.2"

picocolors@^1.0.0:
  version "1.0.0"
  resolved "https://registry.yarnpkg.com/picocolors/-/picocolors-1.0.0.tgz#cb5bdc74ff3f51892236eaf79d68bc44564ab81c"
  integrity sha512-1fygroTLlHu66zi26VoTDv8yRgm0Fccecssto+MhsZ0D/DGW2sm8E8AjW7NU5VVTRt5GxbeZ5qBuJr+HyLYkjQ==

pify@^2.3.0:
  version "2.3.0"
  resolved "https://registry.yarnpkg.com/pify/-/pify-2.3.0.tgz#ed141a6ac043a849ea588498e7dca8b15330e90c"
  integrity sha1-7RQaasBDqEnqWISY59yosVMw6Qw=

postcss-attribute-case-insensitive@^6.0.0:
  version "6.0.0"
  resolved "https://registry.yarnpkg.com/postcss-attribute-case-insensitive/-/postcss-attribute-case-insensitive-6.0.0.tgz#2d090cc15174f6235e8221bfdf7bd7ce7ecdeddb"
  integrity sha512-Bi5tVYe9rKjU1k1v9xzAAZqMzUrlb2sVbRyV7ZDdtLJVpxV+6db5Yd6ESe6CMl09brexIfDUrGPVB1IbVc7bQQ==
  dependencies:
    postcss-selector-parser "^6.0.10"

postcss-clamp@^4.1.0:
  version "4.1.0"
  resolved "https://registry.yarnpkg.com/postcss-clamp/-/postcss-clamp-4.1.0.tgz#7263e95abadd8c2ba1bd911b0b5a5c9c93e02363"
  integrity sha512-ry4b1Llo/9zz+PKC+030KUnPITTJAHeOwjfAyyB60eT0AorGLdzp52s31OsPRHRf8NchkgFoG2y6fCfn1IV1Ow==
  dependencies:
    postcss-value-parser "^4.2.0"

postcss-color-functional-notation@^5.0.0:
  version "5.0.0"
  resolved "https://registry.yarnpkg.com/postcss-color-functional-notation/-/postcss-color-functional-notation-5.0.0.tgz#7f652ceb84a69ec98deb02e0ffe2757b75e821d9"
  integrity sha512-oxsPSdf6i2DJyNj24/hvQDaTyoztDwG0TMannHGUnFAdA6xSwB8Io5iDDqZcDrXTJTy32erpG9ETmwhMPPuCNg==
  dependencies:
    postcss-value-parser "^4.2.0"

postcss-color-hex-alpha@^9.0.0:
  version "9.0.0"
  resolved "https://registry.yarnpkg.com/postcss-color-hex-alpha/-/postcss-color-hex-alpha-9.0.0.tgz#44707c389bd9a6ae3e60bb563751d50f6db06fc1"
  integrity sha512-NdIN7IzYadBApUm+wULJR03746sKliIrmRIdjHF6GaUCztsDdcq4L9wtYz5X3mw/t08mjZx8ld5By6StB+1lLQ==
  dependencies:
    postcss-value-parser "^4.2.0"

postcss-color-rebeccapurple@^8.0.0:
  version "8.0.0"
  resolved "https://registry.yarnpkg.com/postcss-color-rebeccapurple/-/postcss-color-rebeccapurple-8.0.0.tgz#f6a97ecd530f8b9617db679d46e3f2f9a108c22a"
  integrity sha512-K0PT/ZNEYva+jIlueaI8OUPL59SfPThflYe/htggUKaS6ydiimPmtvrFb8OsTJHcQ6QUPcIySTZdFNmdnEITQg==
  dependencies:
    postcss-value-parser "^4.2.0"

postcss-custom-media@^9.1.0:
  version "9.1.0"
  resolved "https://registry.yarnpkg.com/postcss-custom-media/-/postcss-custom-media-9.1.0.tgz#09afcf2aef4ae931ab3e594e20eab0dd2eacf3f2"
  integrity sha512-K9sIQhdsXazHyhHaMIL/wztFV6ABHi6NwxNPO3q0o0T2zkI4oEqI1TjeoncBKIY6xPrqnWTV40KF8AJ7yd0W6g==
  dependencies:
    "@csstools/cascade-layer-name-parser" "^1.0.0"
    "@csstools/css-parser-algorithms" "^2.0.0"
    "@csstools/css-tokenizer" "^2.0.0"
    "@csstools/media-query-list-parser" "^2.0.0"

postcss-custom-properties@^13.1.0:
  version "13.1.0"
  resolved "https://registry.yarnpkg.com/postcss-custom-properties/-/postcss-custom-properties-13.1.0.tgz#b6f0ae00381f636932b8ce35ac77b406659dedb8"
  integrity sha512-O0Lg0CuHwADctEMBgGtaeams7eFES8pXo/9zBClTbRVdU3LFAkFluw1l9eYnJ3rtidp80EGbAIuiisEIu1Z+uA==
  dependencies:
    "@csstools/cascade-layer-name-parser" "^1.0.0"
    "@csstools/css-parser-algorithms" "^2.0.0"
    "@csstools/css-tokenizer" "^2.0.0"
    postcss-value-parser "^4.2.0"

postcss-custom-selectors@^7.1.0:
  version "7.1.0"
  resolved "https://registry.yarnpkg.com/postcss-custom-selectors/-/postcss-custom-selectors-7.1.0.tgz#9c38a4e37ce90a1ac2afe83f4b5d44c876aca8bc"
  integrity sha512-83a8lfR+3tWotHDGGPSadPB0oqBieqi62EhdBe7Qo+eW/aEst7xjq2fXH+dUy8KVEFcM3jobXMYJnSo6omcVHA==
  dependencies:
    "@csstools/cascade-layer-name-parser" "^1.0.0"
    "@csstools/css-parser-algorithms" "^2.0.0"
    "@csstools/css-tokenizer" "^2.0.0"
    postcss-selector-parser "^6.0.4"

postcss-dir-pseudo-class@^7.0.0:
  version "7.0.0"
  resolved "https://registry.yarnpkg.com/postcss-dir-pseudo-class/-/postcss-dir-pseudo-class-7.0.0.tgz#15ddf8df823baae8f00c5ac575f90a5e2c69828c"
  integrity sha512-i8I6vqB0T0fpanLBjFoMPp3iTgKPccZCyZ149Q1RuRVlnKD00DbRFSkbp4/XDJaNzKJeto/DM/Uj62icEtVh9A==
  dependencies:
    postcss-selector-parser "^6.0.10"

postcss-double-position-gradients@^4.0.0:
  version "4.0.0"
  resolved "https://registry.yarnpkg.com/postcss-double-position-gradients/-/postcss-double-position-gradients-4.0.0.tgz#cd24802e9e2b029fd9865a610ca9f9c91d096b54"
  integrity sha512-RTOs3chf/D1ETvaT+BcdGkPmRxoImZn3hmfAkFGET5ijx3Lnw7npubQDvwqOL1on54/uN6w9BGuEMSUsOK+2kA==
  dependencies:
    "@csstools/postcss-progressive-custom-properties" "^2.0.0"
    postcss-value-parser "^4.2.0"

postcss-flexbugs-fixes@5.0.2:
  version "5.0.2"
  resolved "https://registry.yarnpkg.com/postcss-flexbugs-fixes/-/postcss-flexbugs-fixes-5.0.2.tgz#2028e145313074fc9abe276cb7ca14e5401eb49d"
  integrity sha512-18f9voByak7bTktR2QgDveglpn9DTbBWPUzSOe9g0N4WR/2eSt6Vrcbf0hmspvMI6YWGywz6B9f7jzpFNJJgnQ==

postcss-focus-visible@^8.0.0:
  version "8.0.0"
  resolved "https://registry.yarnpkg.com/postcss-focus-visible/-/postcss-focus-visible-8.0.0.tgz#1560ffd62ec63c0b448bff871b2886590e51c660"
  integrity sha512-mLIYkOFGXJSJtFwj9VX5LYUfWbxuwBWQxOqcdKk2p4apCAvsxji0jFpZhOPEpwD9YFbcTi0RWb+9Zam5y7qw5g==
  dependencies:
    postcss-selector-parser "^6.0.10"

postcss-focus-within@^7.0.0:
  version "7.0.0"
  resolved "https://registry.yarnpkg.com/postcss-focus-within/-/postcss-focus-within-7.0.0.tgz#224c671a7e7d18d05135378943cf18ee0ce20d00"
  integrity sha512-DdIAwUY/7D981ROrWjxDuhCOTlbgjqbn2lCCuHWcGm+4s3m7thOCQzBGWBFc1heIx3MkiG1qF4Ew4logiPOxaQ==
  dependencies:
    postcss-selector-parser "^6.0.10"

postcss-font-variant@^5.0.0:
  version "5.0.0"
  resolved "https://registry.yarnpkg.com/postcss-font-variant/-/postcss-font-variant-5.0.0.tgz#efd59b4b7ea8bb06127f2d031bfbb7f24d32fa66"
  integrity sha512-1fmkBaCALD72CK2a9i468mA/+tr9/1cBxRRMXOUaZqO43oWPR5imcyPjXwuv7PXbCid4ndlP5zWhidQVVa3hmA==

postcss-gap-properties@^4.0.0:
  version "4.0.0"
  resolved "https://registry.yarnpkg.com/postcss-gap-properties/-/postcss-gap-properties-4.0.0.tgz#116e5072cc1f8aebcfe0288ae0eff484c4bc8c6b"
  integrity sha512-ACrVEX+DZRkFNImiRBiFw56BW7OY43F/0AjusgBxGNE0mLvfqINkYQT421YMHB7HGs+rekladOcBNmYZu6+/iQ==

postcss-image-set-function@^5.0.0:
  version "5.0.0"
  resolved "https://registry.yarnpkg.com/postcss-image-set-function/-/postcss-image-set-function-5.0.0.tgz#49697e9d301eabf73fa613d08882731d40fd4aca"
  integrity sha512-a7q8XdGnU4OMnBqRzVkUBTtuRztD4YIy0b+52OxAcBqvhOU39A4ego9fUpVaqqrQrDOVuXmh/MYwC82aYuJkfQ==
  dependencies:
    postcss-value-parser "^4.2.0"

postcss-import@15.1.0:
  version "15.1.0"
  resolved "https://registry.yarnpkg.com/postcss-import/-/postcss-import-15.1.0.tgz#41c64ed8cc0e23735a9698b3249ffdbf704adc70"
  integrity sha512-hpr+J05B2FVYUAXHeK1YyI267J/dDDhMU6B6civm8hSY1jYJnBXxzKDKDswzJmtLHryrjhnDjqqp/49t8FALew==
  dependencies:
    postcss-value-parser "^4.0.0"
    read-cache "^1.0.0"
    resolve "^1.1.7"

postcss-initial@^4.0.1:
  version "4.0.1"
  resolved "https://registry.yarnpkg.com/postcss-initial/-/postcss-initial-4.0.1.tgz#529f735f72c5724a0fb30527df6fb7ac54d7de42"
  integrity sha512-0ueD7rPqX8Pn1xJIjay0AZeIuDoF+V+VvMt/uOnn+4ezUKhZM/NokDeP6DwMNyIoYByuN/94IQnt5FEkaN59xQ==

postcss-lab-function@^5.0.0:
  version "5.0.0"
  resolved "https://registry.yarnpkg.com/postcss-lab-function/-/postcss-lab-function-5.0.0.tgz#9198607cd0fcb273590a2c96d6087995838be1b7"
  integrity sha512-XTV77sdIJGPxDYzZxXE0giTn3mQDC/sl/a9i2VVOPdVEEK7wFbd3kM9Dom20F4WtioTFllpDl3oMBoQvCrl79w==
  dependencies:
    "@csstools/postcss-progressive-custom-properties" "^2.0.0"
    postcss-value-parser "^4.2.0"

postcss-load-config@3.1.4:
  version "3.1.4"
  resolved "https://registry.yarnpkg.com/postcss-load-config/-/postcss-load-config-3.1.4.tgz#1ab2571faf84bb078877e1d07905eabe9ebda855"
  integrity sha512-6DiM4E7v4coTE4uzA8U//WhtPwyhiim3eyjEMFCnUpzbrkK9wJHgKDT2mR+HbtSrd/NubVaYTOpSpjUl8NQeRg==
  dependencies:
    lilconfig "^2.0.5"
    yaml "^1.10.2"

postcss-logical@^6.0.0:
  version "6.0.0"
  resolved "https://registry.yarnpkg.com/postcss-logical/-/postcss-logical-6.0.0.tgz#065b196c0935f4124996748a2382ec0c880615d2"
  integrity sha512-pn50jY5c+PmpYiTZ7KfYQ4aKXAVaFfZgNevtUwXglD22TxfLrrYD5d8m7UDQkT9CAfYvBgSkzPSBWTyE0WuQmA==
  dependencies:
    postcss-value-parser "^4.2.0"

postcss-media-minmax@^5.0.0:
  version "5.0.0"
  resolved "https://registry.yarnpkg.com/postcss-media-minmax/-/postcss-media-minmax-5.0.0.tgz#7140bddec173e2d6d657edbd8554a55794e2a5b5"
  integrity sha512-yDUvFf9QdFZTuCUg0g0uNSHVlJ5X1lSzDZjPSFaiCWvjgsvu8vEVxtahPrLMinIDEEGnx6cBe6iqdx5YWz08wQ==

postcss-nesting@^11.0.0:
  version "11.0.0"
  resolved "https://registry.yarnpkg.com/postcss-nesting/-/postcss-nesting-11.0.0.tgz#cd5185e63d22302b7855d8ad0f51ece33e1cb5e3"
  integrity sha512-Y+jmDpQuSSoM/Qq+rqDc4D3E8Cn84qUmJLFS/M5u0YgM+5adLi9qFApbz5XzjzXjGAzItTUCP7RikLGy06ebiA==
  dependencies:
    "@csstools/selector-specificity" "^2.0.0"
    postcss-selector-parser "^6.0.10"

postcss-opacity-percentage@^1.1.3:
  version "1.1.3"
  resolved "https://registry.yarnpkg.com/postcss-opacity-percentage/-/postcss-opacity-percentage-1.1.3.tgz#5b89b35551a556e20c5d23eb5260fbfcf5245da6"
  integrity sha512-An6Ba4pHBiDtyVpSLymUUERMo2cU7s+Obz6BTrS+gxkbnSBNKSuD0AVUc+CpBMrpVPKKfoVz0WQCX+Tnst0i4A==

postcss-overflow-shorthand@^4.0.0:
  version "4.0.0"
  resolved "https://registry.yarnpkg.com/postcss-overflow-shorthand/-/postcss-overflow-shorthand-4.0.0.tgz#247a57c29e982f7fe6f34f2172371daeb6f2bfb2"
  integrity sha512-HJ+HIX6IeVyDBu+b5cJScwGYPnGokswXWH1izVgJGT6D5mrHzQJUvWWvHBRlopCAEbtose+JNOjRQgTRGHjm3A==
  dependencies:
    postcss-value-parser "^4.2.0"

postcss-page-break@^3.0.4:
  version "3.0.4"
  resolved "https://registry.yarnpkg.com/postcss-page-break/-/postcss-page-break-3.0.4.tgz#7fbf741c233621622b68d435babfb70dd8c1ee5f"
  integrity sha512-1JGu8oCjVXLa9q9rFTo4MbeeA5FMe00/9C7lN4va606Rdb+HkxXtXsmEDrIraQ11fGz/WvKWa8gMuCKkrXpTsQ==

postcss-place@^8.0.0:
  version "8.0.0"
  resolved "https://registry.yarnpkg.com/postcss-place/-/postcss-place-8.0.0.tgz#e7e2ff52f72359cc836a53752e3c76346ec72e62"
  integrity sha512-LFAiOWgekmvJ8/o4Cl1pPTuMryoMkr8PqAgv4j8i7iB9quinOhG4TXaq8RpF4nNIb9qOvn6+6LX4/BLcnza3rQ==
  dependencies:
    postcss-value-parser "^4.2.0"

postcss-preset-env@8.0.1:
  version "8.0.1"
  resolved "https://registry.yarnpkg.com/postcss-preset-env/-/postcss-preset-env-8.0.1.tgz#d249c137febc037dd5dbb97e18f94dba4dd0cda8"
  integrity sha512-IUbymw0JlUbyVG+I85963PNWgPp3KhnFa1sxU7M/2dGthxV8e297P0VV5W9XcyypoH4hirH2fp1c6fmqh6YnSg==
  dependencies:
    "@csstools/postcss-cascade-layers" "^3.0.0"
    "@csstools/postcss-color-function" "^2.0.0"
    "@csstools/postcss-font-format-keywords" "^2.0.0"
    "@csstools/postcss-hwb-function" "^2.0.0"
    "@csstools/postcss-ic-unit" "^2.0.0"
    "@csstools/postcss-is-pseudo-class" "^3.0.0"
    "@csstools/postcss-logical-float-and-clear" "^1.0.0"
    "@csstools/postcss-logical-resize" "^1.0.0"
    "@csstools/postcss-logical-viewport-units" "^1.0.0"
    "@csstools/postcss-media-queries-aspect-ratio-number-values" "^1.0.0"
    "@csstools/postcss-nested-calc" "^2.0.0"
    "@csstools/postcss-normalize-display-values" "^2.0.0"
    "@csstools/postcss-oklab-function" "^2.0.0"
    "@csstools/postcss-progressive-custom-properties" "^2.0.0"
    "@csstools/postcss-scope-pseudo-class" "^2.0.0"
    "@csstools/postcss-stepped-value-functions" "^2.0.0"
    "@csstools/postcss-text-decoration-shorthand" "^2.0.0"
    "@csstools/postcss-trigonometric-functions" "^2.0.0"
    "@csstools/postcss-unset-value" "^2.0.0"
    autoprefixer "^10.4.13"
    browserslist "^4.21.4"
    css-blank-pseudo "^5.0.0"
    css-has-pseudo "^5.0.0"
    css-prefers-color-scheme "^8.0.0"
    cssdb "^7.4.0"
    postcss-attribute-case-insensitive "^6.0.0"
    postcss-clamp "^4.1.0"
    postcss-color-functional-notation "^5.0.0"
    postcss-color-hex-alpha "^9.0.0"
    postcss-color-rebeccapurple "^8.0.0"
    postcss-custom-media "^9.1.0"
    postcss-custom-properties "^13.1.0"
    postcss-custom-selectors "^7.1.0"
    postcss-dir-pseudo-class "^7.0.0"
    postcss-double-position-gradients "^4.0.0"
    postcss-focus-visible "^8.0.0"
    postcss-focus-within "^7.0.0"
    postcss-font-variant "^5.0.0"
    postcss-gap-properties "^4.0.0"
    postcss-image-set-function "^5.0.0"
    postcss-initial "^4.0.1"
    postcss-lab-function "^5.0.0"
    postcss-logical "^6.0.0"
    postcss-media-minmax "^5.0.0"
    postcss-nesting "^11.0.0"
    postcss-opacity-percentage "^1.1.3"
    postcss-overflow-shorthand "^4.0.0"
    postcss-page-break "^3.0.4"
    postcss-place "^8.0.0"
    postcss-pseudo-class-any-link "^8.0.0"
    postcss-replace-overflow-wrap "^4.0.0"
    postcss-selector-not "^7.0.0"
    postcss-value-parser "^4.2.0"

postcss-pseudo-class-any-link@^8.0.0:
  version "8.0.0"
  resolved "https://registry.yarnpkg.com/postcss-pseudo-class-any-link/-/postcss-pseudo-class-any-link-8.0.0.tgz#66afd0470bc5845ec7a1827f53b8c66e4f4908dd"
  integrity sha512-9+SUrDDrmyQijQBRSZFfx5eL0N9sdtHhibcGPgmyQyYCshFZbhH22vfbo2z84U2TI8kh1TrN86t5N2xN2ojq0w==
  dependencies:
    postcss-selector-parser "^6.0.10"

postcss-replace-overflow-wrap@^4.0.0:
  version "4.0.0"
  resolved "https://registry.yarnpkg.com/postcss-replace-overflow-wrap/-/postcss-replace-overflow-wrap-4.0.0.tgz#d2df6bed10b477bf9c52fab28c568b4b29ca4319"
  integrity sha512-KmF7SBPphT4gPPcKZc7aDkweHiKEEO8cla/GjcBK+ckKxiZslIu3C4GCRW3DNfL0o7yW7kMQu9xlZ1kXRXLXtw==

postcss-selector-not@^7.0.0:
  version "7.0.0"
  resolved "https://registry.yarnpkg.com/postcss-selector-not/-/postcss-selector-not-7.0.0.tgz#facd22fe5b6d75bfa9aec47a4dcaa1d339e8ea25"
  integrity sha512-vYYltgqe8JXLW/oWuENL6mKc7zbJWDA86kwQgGzJsalkvPOPcaM+G90FqjEiGllRAXIv3WmgehtQEfIJUDlUhg==
  dependencies:
    postcss-selector-parser "^6.0.10"

postcss-selector-parser@^6.0.10:
  version "6.0.10"
  resolved "https://registry.yarnpkg.com/postcss-selector-parser/-/postcss-selector-parser-6.0.10.tgz#79b61e2c0d1bfc2602d549e11d0876256f8df88d"
  integrity sha512-IQ7TZdoaqbT+LCpShg46jnZVlhWD2w6iQYAcYXfHARZ7X1t/UGhhceQDs5X0cGqKvYlHNOuv7Oa1xmb0oQuA3w==
  dependencies:
    cssesc "^3.0.0"
    util-deprecate "^1.0.2"

postcss-selector-parser@^6.0.4:
  version "6.0.8"
  resolved "https://registry.yarnpkg.com/postcss-selector-parser/-/postcss-selector-parser-6.0.8.tgz#f023ed7a9ea736cd7ef70342996e8e78645a7914"
  integrity sha512-D5PG53d209Z1Uhcc0qAZ5U3t5HagH3cxu+WLZ22jt3gLUpXM4eXXfiO14jiDWST3NNooX/E8wISfOhZ9eIjGTQ==
  dependencies:
    cssesc "^3.0.0"
    util-deprecate "^1.0.2"

postcss-value-parser@^4.0.0, postcss-value-parser@^4.2.0:
  version "4.2.0"
  resolved "https://registry.yarnpkg.com/postcss-value-parser/-/postcss-value-parser-4.2.0.tgz#723c09920836ba6d3e5af019f92bc0971c02e514"
  integrity sha512-1NNCs6uurfkVbeXG4S8JFT9t19m45ICnif8zWLd5oPSZ50QnwMfK+H3jv408d4jw/7Bttv5axS5IiHoLaVNHeQ==

postcss@8.4.21:
  version "8.4.21"
  resolved "https://registry.yarnpkg.com/postcss/-/postcss-8.4.21.tgz#c639b719a57efc3187b13a1d765675485f4134f4"
  integrity sha512-tP7u/Sn/dVxK2NnruI4H9BG+x+Wxz6oeZ1cJ8P6G/PZY0IKk4k/63TDsQf2kQq3+qoJeLm2kIBUNlZe3zgb4Zg==
  dependencies:
    nanoid "^3.3.4"
    picocolors "^1.0.0"
    source-map-js "^1.0.2"

prismjs@1.29.0:
  version "1.29.0"
  resolved "https://registry.yarnpkg.com/prismjs/-/prismjs-1.29.0.tgz#f113555a8fa9b57c35e637bba27509dcf802dd12"
  integrity sha512-Kx/1w86q/epKcmte75LNrEoT+lX8pBpavuAbvJWRXar7Hz8jrtF+e3vY751p0R8H9HdArwaCTNDDzHg/ScJK1Q==

read-cache@^1.0.0:
  version "1.0.0"
  resolved "https://registry.yarnpkg.com/read-cache/-/read-cache-1.0.0.tgz#e664ef31161166c9751cdbe8dbcf86b5fb58f774"
  integrity sha1-5mTvMRYRZsl1HNvo28+GtftY93Q=
  dependencies:
    pify "^2.3.0"

resolve@^1.1.7:
  version "1.21.0"
  resolved "https://registry.yarnpkg.com/resolve/-/resolve-1.21.0.tgz#b51adc97f3472e6a5cf4444d34bc9d6b9037591f"
  integrity sha512-3wCbTpk5WJlyE4mSOtDLhqQmGFi0/TD9VPwmiolnk8U0wRgMEktqCXd3vy5buTO3tljvalNvKrjHEfrd2WpEKA==
  dependencies:
    is-core-module "^2.8.0"
    path-parse "^1.0.7"
    supports-preserve-symlinks-flag "^1.0.0"

source-map-js@^1.0.2:
  version "1.0.2"
  resolved "https://registry.yarnpkg.com/source-map-js/-/source-map-js-1.0.2.tgz#adbc361d9c62df380125e7f161f71c826f1e490c"
  integrity sha512-R0XvVJ9WusLiqTCEiGCmICCMplcCkIwwR11mOSD9CR5u+IXYdiseeEuXCVAjS54zqwkLcPNnmU4OeJ6tUrWhDw==

supports-preserve-symlinks-flag@^1.0.0:
  version "1.0.0"
  resolved "https://registry.yarnpkg.com/supports-preserve-symlinks-flag/-/supports-preserve-symlinks-flag-1.0.0.tgz#6eda4bd344a3c94aea376d4cc31bc77311039e09"
  integrity sha512-ot0WnXS9fgdkgIcePe6RHNk1WA8+muPa6cSjeR3V8K27q9BB1rTE3R1p7Hv0z1ZyAc8s6Vvv8DIyWf681MAt0w==

update-browserslist-db@^1.0.9:
  version "1.0.10"
  resolved "https://registry.yarnpkg.com/update-browserslist-db/-/update-browserslist-db-1.0.10.tgz#0f54b876545726f17d00cd9a2561e6dade943ff3"
  integrity sha512-OztqDenkfFkbSG+tRxBeAnCVPckDBcvibKd35yDONx6OU8N7sqgwc7rCbkJ/WcYtVRZ4ba68d6byhC21GFh7sQ==
  dependencies:
    escalade "^3.1.1"
    picocolors "^1.0.0"

util-deprecate@^1.0.2:
  version "1.0.2"
  resolved "https://registry.yarnpkg.com/util-deprecate/-/util-deprecate-1.0.2.tgz#450d4dc9fa70de732762fbd2d4a28981419a0ccf"
  integrity sha1-RQ1Nyfpw3nMnYvvS1KKJgUGaDM8=

yaml@^1.10.2:
  version "1.10.2"
  resolved "https://registry.yarnpkg.com/yaml/-/yaml-1.10.2.tgz#2301c5ffbf12b467de8da2333a459e29e7920e4b"
  integrity sha512-r3vXyErRCYJ7wg28yvBY5VSoAF8ZvlcW9/BwUzEtUsjvX/DKs24dIkuwjtuprwJJHsbyUbLApepYTR1BN4uHrg==
