# THIS IS AN AUTOGENERATED FILE. DO NOT EDIT THIS FILE DIRECTLY.
# yarn lockfile v1


"@csstools/postcss-font-format-keywords@^1.0.0":
  version "1.0.0"
  resolved "https://registry.yarnpkg.com/@csstools/postcss-font-format-keywords/-/postcss-font-format-keywords-1.0.0.tgz#7e7df948a83a0dfb7eb150a96e2390ac642356a1"
  integrity sha512-oO0cZt8do8FdVBX8INftvIA4lUrKUSCcWUf9IwH9IPWOgKT22oAZFXeHLoDK7nhB2SmkNycp5brxfNMRLIhd6Q==
  dependencies:
    postcss-value-parser "^4.2.0"

"@csstools/postcss-hwb-function@^1.0.0":
  version "1.0.0"
  resolved "https://registry.yarnpkg.com/@csstools/postcss-hwb-function/-/postcss-hwb-function-1.0.0.tgz#d6785c1c5ba8152d1d392c66f3a6a446c6034f6d"
  integrity sha512-VSTd7hGjmde4rTj1rR30sokY3ONJph1reCBTUXqeW1fKwETPy1x4t/XIeaaqbMbC5Xg4SM/lyXZ2S8NELT2TaA==
  dependencies:
    postcss-value-parser "^4.2.0"

"@csstools/postcss-is-pseudo-class@^2.0.0":
  version "2.0.0"
  resolved "https://registry.yarnpkg.com/@csstools/postcss-is-pseudo-class/-/postcss-is-pseudo-class-2.0.0.tgz#219a1c1d84de7d9e9b7e662a57fdc194eac38ea7"
  integrity sha512-WnfZlyuh/CW4oS530HBbrKq0G8BKl/bsNr5NMFoubBFzJfvFRGJhplCgIJYWUidLuL3WJ/zhMtDIyNFTqhx63Q==
  dependencies:
    postcss-selector-parser "^6.0.9"

"@csstools/postcss-normalize-display-values@^1.0.0":
  version "1.0.0"
  resolved "https://registry.yarnpkg.com/@csstools/postcss-normalize-display-values/-/postcss-normalize-display-values-1.0.0.tgz#ce698f688c28517447aedf15a9037987e3d2dc97"
  integrity sha512-bX+nx5V8XTJEmGtpWTO6kywdS725t71YSLlxWt78XoHUbELWgoCXeOFymRJmL3SU1TLlKSIi7v52EWqe60vJTQ==
  dependencies:
    postcss-value-parser "^4.2.0"

autoprefixer@^10.4.2:
  version "10.4.2"
  resolved "https://registry.yarnpkg.com/autoprefixer/-/autoprefixer-10.4.2.tgz#25e1df09a31a9fba5c40b578936b90d35c9d4d3b"
  integrity sha512-9fOPpHKuDW1w/0EKfRmVnxTDt8166MAnLI3mgZ1JCnhNtYWxcJ6Ud5CO/AVOZi/AvFa8DY9RTy3h3+tFBlrrdQ==
  dependencies:
    browserslist "^4.19.1"
    caniuse-lite "^1.0.30001297"
    fraction.js "^4.1.2"
    normalize-range "^0.1.2"
    picocolors "^1.0.0"
    postcss-value-parser "^4.2.0"

balanced-match@^1.0.0:
  version "1.0.2"
  resolved "https://registry.yarnpkg.com/balanced-match/-/balanced-match-1.0.2.tgz#e83e3a7e3f300b34cb9d87f615fa0cbf357690ee"
  integrity sha512-3oSeUO0TMV67hN1AmbXsK4yaqU7tjiHlbxRDZOpH0KW9+CeX4bRAaX0Anxt0tx2MrpRpWwQaPwIlISEJhYU5Pw==

brace-expansion@^1.1.7:
  version "1.1.11"
  resolved "https://registry.yarnpkg.com/brace-expansion/-/brace-expansion-1.1.11.tgz#3c7fcbf529d87226f3d2f52b966ff5271eb441dd"
  integrity sha512-iCuPHDFgrHX7H2vEI/5xpz07zSHB00TpugqhmYtVmMO6518mCuRMoOYFldEBl0g187ufozdaHgWKcYFb61qGiA==
  dependencies:
    balanced-match "^1.0.0"
    concat-map "0.0.1"

browserslist@^4.19.1:
  version "4.19.1"
  resolved "https://registry.yarnpkg.com/browserslist/-/browserslist-4.19.1.tgz#4ac0435b35ab655896c31d53018b6dd5e9e4c9a3"
  integrity sha512-u2tbbG5PdKRTUoctO3NBD8FQ5HdPh1ZXPHzp1rwaa5jTc+RV9/+RlWiAIKmjRPQF+xbGM9Kklj5bZQFa2s/38A==
  dependencies:
    caniuse-lite "^1.0.30001286"
    electron-to-chromium "^1.4.17"
    escalade "^3.1.1"
    node-releases "^2.0.1"
    picocolors "^1.0.0"

caniuse-lite@^1.0.30001286, caniuse-lite@^1.0.30001297:
  version "1.0.30001300"
  resolved "https://registry.yarnpkg.com/caniuse-lite/-/caniuse-lite-1.0.30001300.tgz#11ab6c57d3eb6f964cba950401fd00a146786468"
  integrity sha512-cVjiJHWGcNlJi8TZVKNMnvMid3Z3TTdDHmLDzlOdIiZq138Exvo0G+G0wTdVYolxKb4AYwC+38pxodiInVtJSA==

concat-map@0.0.1:
  version "0.0.1"
  resolved "https://registry.yarnpkg.com/concat-map/-/concat-map-0.0.1.tgz#d8a96bd77fd68df7793a73036a3ba0d5405d477b"
  integrity sha1-2Klr13/Wjfd5OnMDajug1UBdR3s=

css-blank-pseudo@^3.0.2:
  version "3.0.2"
  resolved "https://registry.yarnpkg.com/css-blank-pseudo/-/css-blank-pseudo-3.0.2.tgz#f8660f6a48b17888a9277e53f25cc5abec1f0169"
  integrity sha512-hOb1LFjRR+8ocA071xUSmg5VslJ8NGo/I2qpUpdeAYyBVCgupS5O8SEVo4SxEMYyFBNodBkzG3T1iqW9HCXxew==
  dependencies:
    postcss-selector-parser "^6.0.8"

css-has-pseudo@^3.0.3:
  version "3.0.3"
  resolved "https://registry.yarnpkg.com/css-has-pseudo/-/css-has-pseudo-3.0.3.tgz#4824a34cb92dae7e09ea1d3fd19691b653412098"
  integrity sha512-0gDYWEKaGacwxCqvQ3Ypg6wGdD1AztbMm5h1JsactG2hP2eiflj808QITmuWBpE7sjSEVrAlZhPTVd/nNMj/hQ==
  dependencies:
    postcss-selector-parser "^6.0.8"

css-prefers-color-scheme@^6.0.3:
  version "6.0.3"
  resolved "https://registry.yarnpkg.com/css-prefers-color-scheme/-/css-prefers-color-scheme-6.0.3.tgz#ca8a22e5992c10a5b9d315155e7caee625903349"
  integrity sha512-4BqMbZksRkJQx2zAjrokiGMd07RqOa2IxIrrN10lyBe9xhn9DEvjUK79J6jkeiv9D9hQFXKb6g1jwU62jziJZA==

cssdb@^6.1.0:
  version "6.1.0"
  resolved "https://registry.yarnpkg.com/cssdb/-/cssdb-6.1.0.tgz#75d63b1257e33af72ffdfec65f0f342189e4ab37"
  integrity sha512-tZEDdN57Wlb5DRbOpJI9hSoP0t6DjtzSRswFoWo0hmJxfAXTBuDAcp2Oybj6BgQ+sErs9hXnWS1kzYKDKHanmg==

cssesc@^3.0.0:
  version "3.0.0"
  resolved "https://registry.yarnpkg.com/cssesc/-/cssesc-3.0.0.tgz#37741919903b868565e1c09ea747445cd18983ee"
  integrity sha512-/Tb/JcjK111nNScGob5MNtsntNM1aCNUDipB/TkwZFhyDrrE47SOx/18wF2bbjgc3ZzCSKW1T5nt5EbFoAz/Vg==

electron-to-chromium@^1.4.17:
  version "1.4.46"
  resolved "https://registry.yarnpkg.com/electron-to-chromium/-/electron-to-chromium-1.4.46.tgz#c88a6fedc766589826db0481602a888864ade1ca"
  integrity sha512-UtV0xUA/dibCKKP2JMxOpDtXR74zABevuUEH4K0tvduFSIoxRVcYmQsbB51kXsFTX8MmOyWMt8tuZAlmDOqkrQ==

esbuild-android-arm64@0.14.14:
  version "0.14.14"
  resolved "https://registry.yarnpkg.com/esbuild-android-arm64/-/esbuild-android-arm64-0.14.14.tgz#3705f32f209deeb11c275af47c298c8783dd5f0c"
  integrity sha512-be/Uw6DdpQiPfula1J4bdmA+wtZ6T3BRCZsDMFB5X+k0Gp8TIh9UvmAcqvKNnbRAafSaXG3jPCeXxDKqnc8hFQ==

esbuild-darwin-64@0.14.14:
  version "0.14.14"
  resolved "https://registry.yarnpkg.com/esbuild-darwin-64/-/esbuild-darwin-64-0.14.14.tgz#c07e4eae6d938300a2d330ea82494c55bcea84e5"
  integrity sha512-BEexYmjWafcISK8cT6O98E3TfcLuZL8DKuubry6G54n2+bD4GkoRD6HYUOnCkfl2p7jodA+s4369IjSFSWjtHg==

esbuild-darwin-arm64@0.14.14:
  version "0.14.14"
  resolved "https://registry.yarnpkg.com/esbuild-darwin-arm64/-/esbuild-darwin-arm64-0.14.14.tgz#a8631e13a51a6f784fb0906e2a64c6ab53988755"
  integrity sha512-tnBKm41pDOB1GtZ8q/w26gZlLLRzVmP8fdsduYjvM+yFD7E2DLG4KbPAqFMWm4Md9B+DitBglP57FY7AznxbTg==

esbuild-freebsd-64@0.14.14:
  version "0.14.14"
  resolved "https://registry.yarnpkg.com/esbuild-freebsd-64/-/esbuild-freebsd-64-0.14.14.tgz#c280c2b944746b27ee6c6487c2691865c90bed2e"
  integrity sha512-Q9Rx6sgArOHalQtNwAaIzJ6dnQ8A+I7f/RsQsdkS3JrdzmnlFo8JEVofTmwVQLoIop7OKUqIVOGP4PoQcwfVMA==

esbuild-freebsd-arm64@0.14.14:
  version "0.14.14"
  resolved "https://registry.yarnpkg.com/esbuild-freebsd-arm64/-/esbuild-freebsd-arm64-0.14.14.tgz#aa4e21276efcf20e5ab2487e91ca1d789573189b"
  integrity sha512-TJvq0OpLM7BkTczlyPIphcvnwrQwQDG1HqxzoYePWn26SMUAlt6wrLnEvxdbXAvNvDLVzG83kA+JimjK7aRNBA==

esbuild-linux-32@0.14.14:
  version "0.14.14"
  resolved "https://registry.yarnpkg.com/esbuild-linux-32/-/esbuild-linux-32-0.14.14.tgz#3db4d929239203ce38a9060d5419ac6a6d28846c"
  integrity sha512-h/CrK9Baimt5VRbu8gqibWV7e1P9l+mkanQgyOgv0Ng3jHT1NVFC9e6rb1zbDdaJVmuhWX5xVliUA5bDDCcJeg==

esbuild-linux-64@0.14.14:
  version "0.14.14"
  resolved "https://registry.yarnpkg.com/esbuild-linux-64/-/esbuild-linux-64-0.14.14.tgz#f880026254c1f565a7a10fdebb7cff9b083a127d"
  integrity sha512-IC+wAiIg/egp5OhQp4W44D9PcBOH1b621iRn1OXmlLzij9a/6BGr9NMIL4CRwz4j2kp3WNZu5sT473tYdynOuQ==

esbuild-linux-arm64@0.14.14:
  version "0.14.14"
  resolved "https://registry.yarnpkg.com/esbuild-linux-arm64/-/esbuild-linux-arm64-0.14.14.tgz#a34bc3076e50b109c3b8c8bad9c146e35942322b"
  integrity sha512-6QVul3RI4M5/VxVIRF/I5F+7BaxzR3DfNGoqEVSCZqUbgzHExPn+LXr5ly1C7af2Kw4AHpo+wDqx8A4ziP9avw==

esbuild-linux-arm@0.14.14:
  version "0.14.14"
  resolved "https://registry.yarnpkg.com/esbuild-linux-arm/-/esbuild-linux-arm-0.14.14.tgz#231ffd12fef69ee06365d4c94b69850e4830e927"
  integrity sha512-gxpOaHOPwp7zSmcKYsHrtxabScMqaTzfSQioAMUaB047YiMuDBzqVcKBG8OuESrYkGrL9DDljXr/mQNg7pbdaQ==

esbuild-linux-mips64le@0.14.14:
  version "0.14.14"
  resolved "https://registry.yarnpkg.com/esbuild-linux-mips64le/-/esbuild-linux-mips64le-0.14.14.tgz#bd00570e3a30422224b732c7a5f262146c357403"
  integrity sha512-4Jl5/+xoINKbA4cesH3f4R+q0vltAztZ6Jm8YycS8lNhN1pgZJBDxWfI6HUMIAdkKlIpR1PIkA9aXQgZ8sxFAg==

esbuild-linux-ppc64le@0.14.14:
  version "0.14.14"
  resolved "https://registry.yarnpkg.com/esbuild-linux-ppc64le/-/esbuild-linux-ppc64le-0.14.14.tgz#430609413fd9e04d9def4e3f06726b031b23d825"
  integrity sha512-BitW37GxeebKxqYNl4SVuSdnIJAzH830Lr6Mkq3pBHXtzQay0vK+IeOR/Ele1GtNVJ+/f8wYM53tcThkv5SC5w==

esbuild-linux-s390x@0.14.14:
  version "0.14.14"
  resolved "https://registry.yarnpkg.com/esbuild-linux-s390x/-/esbuild-linux-s390x-0.14.14.tgz#2f0d8cbfe53cf3cb97f6372549a41a8051dbd689"
  integrity sha512-vLj6p76HOZG3wfuTr5MyO3qW5iu8YdhUNxuY+tx846rPo7GcKtYSPMusQjeVEfZlJpSYoR+yrNBBxq+qVF9zrw==

esbuild-netbsd-64@0.14.14:
  version "0.14.14"
  resolved "https://registry.yarnpkg.com/esbuild-netbsd-64/-/esbuild-netbsd-64-0.14.14.tgz#3e44de35e1add7e9582f3c0d2558d86aafbc813b"
  integrity sha512-fn8looXPQhpVqUyCBWUuPjesH+yGIyfbIQrLKG05rr1Kgm3rZD/gaYrd3Wpmf5syVZx70pKZPvdHp8OTA+y7cQ==

esbuild-openbsd-64@0.14.14:
  version "0.14.14"
  resolved "https://registry.yarnpkg.com/esbuild-openbsd-64/-/esbuild-openbsd-64-0.14.14.tgz#04710ef1d01cd9f15d54f50d20b5a3778f8306a2"
  integrity sha512-HdAnJ399pPff3SKbd8g+P4o5znseni5u5n5rJ6Z7ouqOdgbOwHe2ofZbMow17WMdNtz1IyOZk2Wo9Ve6/lZ4Rg==

esbuild-sunos-64@0.14.14:
  version "0.14.14"
  resolved "https://registry.yarnpkg.com/esbuild-sunos-64/-/esbuild-sunos-64-0.14.14.tgz#8e583dd92c5c7ac4303ddc37f588e44211e04e19"
  integrity sha512-bmDHa99ulsGnYlh/xjBEfxoGuC8CEG5OWvlgD+pF7bKKiVTbtxqVCvOGEZeoDXB+ja6AvHIbPxrEE32J+m5nqQ==

esbuild-windows-32@0.14.14:
  version "0.14.14"
  resolved "https://registry.yarnpkg.com/esbuild-windows-32/-/esbuild-windows-32-0.14.14.tgz#6d293ddfb71229f21cc13d85d5d2f43e8131693b"
  integrity sha512-6tVooQcxJCNenPp5GHZBs/RLu31q4B+BuF4MEoRxswT+Eq2JGF0ZWDRQwNKB8QVIo3t6Svc5wNGez+CwKNQjBg==

esbuild-windows-64@0.14.14:
  version "0.14.14"
  resolved "https://registry.yarnpkg.com/esbuild-windows-64/-/esbuild-windows-64-0.14.14.tgz#08a36844b69542f8ec1cb33a5ddcea02b9d0b2e8"
  integrity sha512-kl3BdPXh0/RD/dad41dtzj2itMUR4C6nQbXQCyYHHo4zoUoeIXhpCrSl7BAW1nv5EFL8stT1V+TQVXGZca5A2A==

esbuild-windows-arm64@0.14.14:
  version "0.14.14"
  resolved "https://registry.yarnpkg.com/esbuild-windows-arm64/-/esbuild-windows-arm64-0.14.14.tgz#ca747ce4066d5b8a79dbe48fe6ecd92d202e5366"
  integrity sha512-dCm1wTOm6HIisLanmybvRKvaXZZo4yEVrHh1dY0v582GThXJOzuXGja1HIQgV09RpSHYRL3m4KoUBL00l6SWEg==

esbuild@0.14.14:
  version "0.14.14"
  resolved "https://registry.yarnpkg.com/esbuild/-/esbuild-0.14.14.tgz#3b99f20d628013c3e2ae90e67687e03f1d6eb071"
  integrity sha512-aiK4ddv+uui0k52OqSHu4xxu+SzOim7Rlz4i25pMEiC8rlnGU0HJ9r+ZMfdWL5bzifg+nhnn7x4NSWTeehYblg==
  optionalDependencies:
    esbuild-android-arm64 "0.14.14"
    esbuild-darwin-64 "0.14.14"
    esbuild-darwin-arm64 "0.14.14"
    esbuild-freebsd-64 "0.14.14"
    esbuild-freebsd-arm64 "0.14.14"
    esbuild-linux-32 "0.14.14"
    esbuild-linux-64 "0.14.14"
    esbuild-linux-arm "0.14.14"
    esbuild-linux-arm64 "0.14.14"
    esbuild-linux-mips64le "0.14.14"
    esbuild-linux-ppc64le "0.14.14"
    esbuild-linux-s390x "0.14.14"
    esbuild-netbsd-64 "0.14.14"
    esbuild-openbsd-64 "0.14.14"
    esbuild-sunos-64 "0.14.14"
    esbuild-windows-32 "0.14.14"
    esbuild-windows-64 "0.14.14"
    esbuild-windows-arm64 "0.14.14"

escalade@^3.1.1:
  version "3.1.1"
  resolved "https://registry.yarnpkg.com/escalade/-/escalade-3.1.1.tgz#d8cfdc7000965c5a0174b4a82eaa5c0552742e40"
  integrity sha512-k0er2gUkLf8O0zKJiAhmkTnJlTvINGv7ygDNPbeIsX/TJjGJZHuh9B2UxbsaEkmlEo9MfhrSzmhIlhRlI2GXnw==

fraction.js@^4.1.2:
  version "4.1.2"
  resolved "https://registry.yarnpkg.com/fraction.js/-/fraction.js-4.1.2.tgz#13e420a92422b6cf244dff8690ed89401029fbe8"
  integrity sha512-o2RiJQ6DZaR/5+Si0qJUIy637QMRudSi9kU/FFzx9EZazrIdnBgpU+3sEWCxAVhH2RtxW2Oz+T4p2o8uOPVcgA==

fs.realpath@^1.0.0:
  version "1.0.0"
  resolved "https://registry.yarnpkg.com/fs.realpath/-/fs.realpath-1.0.0.tgz#1504ad2523158caa40db4a2787cb01411994ea4f"
  integrity sha1-FQStJSMVjKpA20onh8sBQRmU6k8=

function-bind@^1.1.1:
  version "1.1.1"
  resolved "https://registry.yarnpkg.com/function-bind/-/function-bind-1.1.1.tgz#a56899d3ea3c9bab874bb9773b7c5ede92f4895d"
  integrity sha512-yIovAzMX49sF8Yl58fSCWJ5svSLuaibPxXQJFLmBObTuCr0Mf1KiPopGM9NiFjiYBCbfaa2Fh6breQ6ANVTI0A==

glob@7.2.0:
  version "7.2.0"
  resolved "https://registry.yarnpkg.com/glob/-/glob-7.2.0.tgz#d15535af7732e02e948f4c41628bd910293f6023"
  integrity sha512-lmLf6gtyrPq8tTjSmrO94wBeQbFR3HbLHbuyD69wuyQkImp2hWqMGB47OX65FBkPffO641IP9jWa1z4ivqG26Q==
  dependencies:
    fs.realpath "^1.0.0"
    inflight "^1.0.4"
    inherits "2"
    minimatch "^3.0.4"
    once "^1.3.0"
    path-is-absolute "^1.0.0"

has@^1.0.3:
  version "1.0.3"
  resolved "https://registry.yarnpkg.com/has/-/has-1.0.3.tgz#722d7cbfc1f6aa8241f16dd814e011e1f41e8796"
  integrity sha512-f2dvO0VU6Oej7RkWJGrehjbzMAjFp5/VKPp5tTpWIV4JHHZK1/BxbFRtf/siA2SWTe09caDmVtYYzWEIbBS4zw==
  dependencies:
    function-bind "^1.1.1"

inflight@^1.0.4:
  version "1.0.6"
  resolved "https://registry.yarnpkg.com/inflight/-/inflight-1.0.6.tgz#49bd6331d7d02d0c09bc910a1075ba8165b56df9"
  integrity sha1-Sb1jMdfQLQwJvJEKEHW6gWW1bfk=
  dependencies:
    once "^1.3.0"
    wrappy "1"

inherits@2:
  version "2.0.4"
  resolved "https://registry.yarnpkg.com/inherits/-/inherits-2.0.4.tgz#0fa2c64f932917c3433a0ded55363aae37416b7c"
  integrity sha512-k/vGaX4/Yla3WzyMCvTQOXYeIHvqOKtnqBduzTHpzpQZzAskKMhZ2K+EnBiSM9zGSoIFeMpXKxa4dYeZIQqewQ==

is-core-module@^2.8.0:
  version "2.8.1"
  resolved "https://registry.yarnpkg.com/is-core-module/-/is-core-module-2.8.1.tgz#f59fdfca701d5879d0a6b100a40aa1560ce27211"
  integrity sha512-SdNCUs284hr40hFTFP6l0IfZ/RSrMXF3qgoRHd3/79unUTvrFO/JoXwkGm+5J/Oe3E/b5GsnG330uUNgRpu1PA==
  dependencies:
    has "^1.0.3"

lilconfig@^2.0.4:
  version "2.0.4"
  resolved "https://registry.yarnpkg.com/lilconfig/-/lilconfig-2.0.4.tgz#f4507d043d7058b380b6a8f5cb7bcd4b34cee082"
  integrity sha512-bfTIN7lEsiooCocSISTWXkiWJkRqtL9wYtYy+8EK3Y41qh3mpwPU0ycTOgjdY9ErwXCc8QyrQp82bdL0Xkm9yA==

minimatch@^3.0.4:
  version "3.0.4"
  resolved "https://registry.yarnpkg.com/minimatch/-/minimatch-3.0.4.tgz#5166e286457f03306064be5497e8dbb0c3d32083"
  integrity sha512-yJHVQEhyqPLUTgt9B83PXu6W3rx4MvvHvSUvToogpwoGDOUQ+yDrR0HRot+yOCdCO7u4hX3pWft6kWBBcqh0UA==
  dependencies:
    brace-expansion "^1.1.7"

nanoid@^3.1.30:
  version "3.1.32"
  resolved "https://registry.yarnpkg.com/nanoid/-/nanoid-3.1.32.tgz#8f96069e6239cc0a9ae8c0d3b41a3b4933a88c0a"
  integrity sha512-F8mf7R3iT9bvThBoW4tGXhXFHCctyCiUUPrWF8WaTqa3h96d9QybkSeba43XVOOE3oiLfkVDe4bT8MeGmkrTxw==

node-releases@^2.0.1:
  version "2.0.1"
  resolved "https://registry.yarnpkg.com/node-releases/-/node-releases-2.0.1.tgz#3d1d395f204f1f2f29a54358b9fb678765ad2fc5"
  integrity sha512-CqyzN6z7Q6aMeF/ktcMVTzhAHCEpf8SOarwpzpf8pNBY2k5/oM34UHldUwp8VKI7uxct2HxSRdJjBaZeESzcxA==

normalize-range@^0.1.2:
  version "0.1.2"
  resolved "https://registry.yarnpkg.com/normalize-range/-/normalize-range-0.1.2.tgz#2d10c06bdfd312ea9777695a4d28439456b75942"
  integrity sha1-LRDAa9/TEuqXd2laTShDlFa3WUI=

once@^1.3.0:
  version "1.4.0"
  resolved "https://registry.yarnpkg.com/once/-/once-1.4.0.tgz#583b1aa775961d4b113ac17d9c50baef9dd76bd1"
  integrity sha1-WDsap3WWHUsROsF9nFC6753Xa9E=
  dependencies:
    wrappy "1"

path-is-absolute@^1.0.0:
  version "1.0.1"
  resolved "https://registry.yarnpkg.com/path-is-absolute/-/path-is-absolute-1.0.1.tgz#174b9268735534ffbc7ace6bf53a5a9e1b5c5f5f"
  integrity sha1-F0uSaHNVNP+8es5r9TpanhtcX18=

path-parse@^1.0.7:
  version "1.0.7"
  resolved "https://registry.yarnpkg.com/path-parse/-/path-parse-1.0.7.tgz#fbc114b60ca42b30d9daf5858e4bd68bbedb6735"
  integrity sha512-LDJzPVEEEPR+y48z93A0Ed0yXb8pAByGWo/k5YYdYgpY2/2EsOsksJrq7lOHxryrVOn1ejG6oAp8ahvOIQD8sw==

picocolors@^1.0.0:
  version "1.0.0"
  resolved "https://registry.yarnpkg.com/picocolors/-/picocolors-1.0.0.tgz#cb5bdc74ff3f51892236eaf79d68bc44564ab81c"
  integrity sha512-1fygroTLlHu66zi26VoTDv8yRgm0Fccecssto+MhsZ0D/DGW2sm8E8AjW7NU5VVTRt5GxbeZ5qBuJr+HyLYkjQ==

pify@^2.3.0:
  version "2.3.0"
  resolved "https://registry.yarnpkg.com/pify/-/pify-2.3.0.tgz#ed141a6ac043a849ea588498e7dca8b15330e90c"
  integrity sha1-7RQaasBDqEnqWISY59yosVMw6Qw=

postcss-attribute-case-insensitive@^5.0.0:
  version "5.0.0"
  resolved "https://registry.yarnpkg.com/postcss-attribute-case-insensitive/-/postcss-attribute-case-insensitive-5.0.0.tgz#39cbf6babf3ded1e4abf37d09d6eda21c644105c"
  integrity sha512-b4g9eagFGq9T5SWX4+USfVyjIb3liPnjhHHRMP7FMB2kFVpYyfEscV0wP3eaXhKlcHKUut8lt5BGoeylWA/dBQ==
  dependencies:
    postcss-selector-parser "^6.0.2"

postcss-clamp@^3.0.0:
  version "3.0.0"
  resolved "https://registry.yarnpkg.com/postcss-clamp/-/postcss-clamp-3.0.0.tgz#09cb1ad64243b46c9159ded5e8d3e8349150a09e"
  integrity sha512-QENQMIF/Grw0qX0RzSPJjw+mAiGPIwG2AnsQDIoR/WJ5Q19zLB0NrZX8cH7CzzdDWEerTPGCdep7ItFaAdtItg==
  dependencies:
    postcss-value-parser "^4.1.0"

postcss-color-functional-notation@^4.2.1:
  version "4.2.1"
  resolved "https://registry.yarnpkg.com/postcss-color-functional-notation/-/postcss-color-functional-notation-4.2.1.tgz#a25e9e1855e14d04319222a689f120b3240d39e0"
  integrity sha512-62OBIXCjRXpQZcFOYIXwXBlpAVWrYk8ek1rcjvMING4Q2cf0ipyN9qT+BhHA6HmftGSEnFQu2qgKO3gMscl3Rw==
  dependencies:
    postcss-value-parser "^4.2.0"

postcss-color-hex-alpha@^8.0.2:
  version "8.0.2"
  resolved "https://registry.yarnpkg.com/postcss-color-hex-alpha/-/postcss-color-hex-alpha-8.0.2.tgz#7a248b006dd47bd83063f662352d31fd982f74ec"
  integrity sha512-gyx8RgqSmGVK156NAdKcsfkY3KPGHhKqvHTL3hhveFrBBToguKFzhyiuk3cljH6L4fJ0Kv+JENuPXs1Wij27Zw==
  dependencies:
    postcss-value-parser "^4.2.0"

postcss-color-rebeccapurple@^7.0.2:
  version "7.0.2"
  resolved "https://registry.yarnpkg.com/postcss-color-rebeccapurple/-/postcss-color-rebeccapurple-7.0.2.tgz#5d397039424a58a9ca628762eb0b88a61a66e079"
  integrity sha512-SFc3MaocHaQ6k3oZaFwH8io6MdypkUtEy/eXzXEB1vEQlO3S3oDc/FSZA8AsS04Z25RirQhlDlHLh3dn7XewWw==
  dependencies:
    postcss-value-parser "^4.2.0"

postcss-custom-media@^8.0.0:
  version "8.0.0"
  resolved "https://registry.yarnpkg.com/postcss-custom-media/-/postcss-custom-media-8.0.0.tgz#1be6aff8be7dc9bf1fe014bde3b71b92bb4552f1"
  integrity sha512-FvO2GzMUaTN0t1fBULDeIvxr5IvbDXcIatt6pnJghc736nqNgsGao5NT+5+WVLAQiTt6Cb3YUms0jiPaXhL//g==

postcss-custom-properties@^12.1.4:
  version "12.1.4"
  resolved "https://registry.yarnpkg.com/postcss-custom-properties/-/postcss-custom-properties-12.1.4.tgz#e3d8a8000f28094453b836dff5132385f2862285"
  integrity sha512-i6AytuTCoDLJkWN/MtAIGriJz3j7UX6bV7Z5t+KgFz+dwZS15/mlTJY1S0kRizlk6ba0V8u8hN50Fz5Nm7tdZw==
  dependencies:
    postcss-value-parser "^4.2.0"

postcss-custom-selectors@^6.0.0:
  version "6.0.0"
  resolved "https://registry.yarnpkg.com/postcss-custom-selectors/-/postcss-custom-selectors-6.0.0.tgz#022839e41fbf71c47ae6e316cb0e6213012df5ef"
  integrity sha512-/1iyBhz/W8jUepjGyu7V1OPcGbc636snN1yXEQCinb6Bwt7KxsiU7/bLQlp8GwAXzCh7cobBU5odNn/2zQWR8Q==
  dependencies:
    postcss-selector-parser "^6.0.4"

postcss-dir-pseudo-class@^6.0.3:
  version "6.0.3"
  resolved "https://registry.yarnpkg.com/postcss-dir-pseudo-class/-/postcss-dir-pseudo-class-6.0.3.tgz#febfe305e75267913a53bf5094c7679f5cfa9b55"
  integrity sha512-qiPm+CNAlgXiMf0J5IbBBEXA9l/Q5HGsNGkL3znIwT2ZFRLGY9U2fTUpa4lqCUXQOxaLimpacHeQC80BD2qbDw==
  dependencies:
    postcss-selector-parser "^6.0.8"

postcss-double-position-gradients@^3.0.4:
  version "3.0.4"
  resolved "https://registry.yarnpkg.com/postcss-double-position-gradients/-/postcss-double-position-gradients-3.0.4.tgz#2484b9785ef3ba81b0f03a279c52ec58fc5344c2"
  integrity sha512-qz+s5vhKJlsHw8HjSs+HVk2QGFdRyC68KGRQGX3i+GcnUjhWhXQEmCXW6siOJkZ1giu0ddPwSO6I6JdVVVPoog==
  dependencies:
    postcss-value-parser "^4.2.0"

postcss-env-function@^4.0.4:
  version "4.0.4"
  resolved "https://registry.yarnpkg.com/postcss-env-function/-/postcss-env-function-4.0.4.tgz#4e85359ca4fcdde4ec4b73752a41de818dbe91cc"
  integrity sha512-0ltahRTPtXSIlEZFv7zIvdEib7HN0ZbUQxrxIKn8KbiRyhALo854I/CggU5lyZe6ZBvSTJ6Al2vkZecI2OhneQ==
  dependencies:
    postcss-value-parser "^4.2.0"

postcss-flexbugs-fixes@5.0.2:
  version "5.0.2"
  resolved "https://registry.yarnpkg.com/postcss-flexbugs-fixes/-/postcss-flexbugs-fixes-5.0.2.tgz#2028e145313074fc9abe276cb7ca14e5401eb49d"
  integrity sha512-18f9voByak7bTktR2QgDveglpn9DTbBWPUzSOe9g0N4WR/2eSt6Vrcbf0hmspvMI6YWGywz6B9f7jzpFNJJgnQ==

postcss-focus-visible@^6.0.3:
  version "6.0.3"
  resolved "https://registry.yarnpkg.com/postcss-focus-visible/-/postcss-focus-visible-6.0.3.tgz#14635b71a6b9140f488f11f26cbc9965a13f6843"
  integrity sha512-ozOsg+L1U8S+rxSHnJJiET6dNLyADcPHhEarhhtCI9DBLGOPG/2i4ddVoFch9LzrBgb8uDaaRI4nuid2OM82ZA==
  dependencies:
    postcss-selector-parser "^6.0.8"

postcss-focus-within@^5.0.3:
  version "5.0.3"
  resolved "https://registry.yarnpkg.com/postcss-focus-within/-/postcss-focus-within-5.0.3.tgz#0b0bf425f14a646bbfd973b463e2d20d85a3a841"
  integrity sha512-fk9y2uFS6/Kpp7/A9Hz9Z4rlFQ8+tzgBcQCXAFSrXFGAbKx+4ZZOmmfHuYjCOMegPWoz0pnC6fNzi8j7Xyqp5Q==
  dependencies:
    postcss-selector-parser "^6.0.8"

postcss-font-variant@^5.0.0:
  version "5.0.0"
  resolved "https://registry.yarnpkg.com/postcss-font-variant/-/postcss-font-variant-5.0.0.tgz#efd59b4b7ea8bb06127f2d031bfbb7f24d32fa66"
  integrity sha512-1fmkBaCALD72CK2a9i468mA/+tr9/1cBxRRMXOUaZqO43oWPR5imcyPjXwuv7PXbCid4ndlP5zWhidQVVa3hmA==

postcss-gap-properties@^3.0.2:
  version "3.0.2"
  resolved "https://registry.yarnpkg.com/postcss-gap-properties/-/postcss-gap-properties-3.0.2.tgz#562fbf43a6a721565b3ca0e01008690991d2f726"
  integrity sha512-EaMy/pbxtQnKDsnbEjdqlkCkROTQZzolcLKgIE+3b7EuJfJydH55cZeHfm+MtIezXRqhR80VKgaztO/vHq94Fw==

postcss-image-set-function@^4.0.5:
  version "4.0.5"
  resolved "https://registry.yarnpkg.com/postcss-image-set-function/-/postcss-image-set-function-4.0.5.tgz#8cb3a971507e2c00d5532658af62529c89f0ecc6"
  integrity sha512-D4jXzlypkJ6BiSoUGazrRlR+GF3SED+BeiRDzOmuinDKdAn/Wuu8KtEGa5Z4pg4kxyeSMBywMgNt2+Yi/TZPPw==
  dependencies:
    postcss-value-parser "^4.2.0"

postcss-import@14.0.2:
  version "14.0.2"
  resolved "https://registry.yarnpkg.com/postcss-import/-/postcss-import-14.0.2.tgz#60eff77e6be92e7b67fe469ec797d9424cae1aa1"
  integrity sha512-BJ2pVK4KhUyMcqjuKs9RijV5tatNzNa73e/32aBVE/ejYPe37iH+6vAu9WvqUkB5OAYgLHzbSvzHnorybJCm9g==
  dependencies:
    postcss-value-parser "^4.0.0"
    read-cache "^1.0.0"
    resolve "^1.1.7"

postcss-initial@^4.0.1:
  version "4.0.1"
  resolved "https://registry.yarnpkg.com/postcss-initial/-/postcss-initial-4.0.1.tgz#529f735f72c5724a0fb30527df6fb7ac54d7de42"
  integrity sha512-0ueD7rPqX8Pn1xJIjay0AZeIuDoF+V+VvMt/uOnn+4ezUKhZM/NokDeP6DwMNyIoYByuN/94IQnt5FEkaN59xQ==

postcss-lab-function@^4.0.3:
  version "4.0.3"
  resolved "https://registry.yarnpkg.com/postcss-lab-function/-/postcss-lab-function-4.0.3.tgz#633745b324afbcd5881da85fe2cef58b17487536"
  integrity sha512-MH4tymWmefdZQ7uVG/4icfLjAQmH6o2NRYyVh2mKoB4RXJp9PjsyhZwhH4ouaCQHvg+qJVj3RzeAR1EQpIlXZA==
  dependencies:
    postcss-value-parser "^4.2.0"

postcss-load-config@3.1.1:
  version "3.1.1"
  resolved "https://registry.yarnpkg.com/postcss-load-config/-/postcss-load-config-3.1.1.tgz#2f53a17f2f543d9e63864460af42efdac0d41f87"
  integrity sha512-c/9XYboIbSEUZpiD1UQD0IKiUe8n9WHYV7YFe7X7J+ZwCsEKkUJSFWjS9hBU1RR9THR7jMXst8sxiqP0jjo2mg==
  dependencies:
    lilconfig "^2.0.4"
    yaml "^1.10.2"

postcss-logical@^5.0.3:
  version "5.0.3"
  resolved "https://registry.yarnpkg.com/postcss-logical/-/postcss-logical-5.0.3.tgz#9934e0fb16af70adbd94217b24d2f315ceb5c2f0"
  integrity sha512-P5NcHWYrif0vK8rgOy/T87vg0WRIj3HSknrvp1wzDbiBeoDPVmiVRmkown2eSQdpPveat/MC1ess5uhzZFVnqQ==

postcss-media-minmax@^5.0.0:
  version "5.0.0"
  resolved "https://registry.yarnpkg.com/postcss-media-minmax/-/postcss-media-minmax-5.0.0.tgz#7140bddec173e2d6d657edbd8554a55794e2a5b5"
  integrity sha512-yDUvFf9QdFZTuCUg0g0uNSHVlJ5X1lSzDZjPSFaiCWvjgsvu8vEVxtahPrLMinIDEEGnx6cBe6iqdx5YWz08wQ==

postcss-nesting@^10.1.2:
  version "10.1.2"
  resolved "https://registry.yarnpkg.com/postcss-nesting/-/postcss-nesting-10.1.2.tgz#2e5f811b3d75602ea18a95dd445bde5297145141"
  integrity sha512-dJGmgmsvpzKoVMtDMQQG/T6FSqs6kDtUDirIfl4KnjMCiY9/ETX8jdKyCd20swSRAbUYkaBKV20pxkzxoOXLqQ==
  dependencies:
    postcss-selector-parser "^6.0.8"

postcss-opacity-percentage@^1.1.1:
  version "1.1.2"
  resolved "https://registry.yarnpkg.com/postcss-opacity-percentage/-/postcss-opacity-percentage-1.1.2.tgz#bd698bb3670a0a27f6d657cc16744b3ebf3b1145"
  integrity sha512-lyUfF7miG+yewZ8EAk9XUBIlrHyUE6fijnesuz+Mj5zrIHIEw6KcIZSOk/elVMqzLvREmXB83Zi/5QpNRYd47w==

postcss-overflow-shorthand@^3.0.2:
  version "3.0.2"
  resolved "https://registry.yarnpkg.com/postcss-overflow-shorthand/-/postcss-overflow-shorthand-3.0.2.tgz#b4e9c89728cd1e4918173dfb95936b75f78d4148"
  integrity sha512-odBMVt6PTX7jOE9UNvmnLrFzA9pXS44Jd5shFGGtSHY80QCuJF+14McSy0iavZggRZ9Oj//C9vOKQmexvyEJMg==

postcss-page-break@^3.0.4:
  version "3.0.4"
  resolved "https://registry.yarnpkg.com/postcss-page-break/-/postcss-page-break-3.0.4.tgz#7fbf741c233621622b68d435babfb70dd8c1ee5f"
  integrity sha512-1JGu8oCjVXLa9q9rFTo4MbeeA5FMe00/9C7lN4va606Rdb+HkxXtXsmEDrIraQ11fGz/WvKWa8gMuCKkrXpTsQ==

postcss-place@^7.0.3:
  version "7.0.3"
  resolved "https://registry.yarnpkg.com/postcss-place/-/postcss-place-7.0.3.tgz#ca8040dfd937c7769a233a3bd6e66e139cf89e62"
  integrity sha512-tDQ3m+GYoOar+KoQgj+pwPAvGHAp/Sby6vrFiyrELrMKQJ4AejL0NcS0mm296OKKYA2SRg9ism/hlT/OLhBrdQ==
  dependencies:
    postcss-value-parser "^4.2.0"

postcss-preset-env@7.3.0:
  version "7.3.0"
  resolved "https://registry.yarnpkg.com/postcss-preset-env/-/postcss-preset-env-7.3.0.tgz#c745dcfea659fa5a8424bb740fde4ad28e38518e"
  integrity sha512-mEK7vqBL/BvynALHNc9pC7T7jolNm3ouornf9p4WpXW+sGooV3kCLvS4kKXE+rL6i12LKUgleJOZRPaoOuNLEg==
  dependencies:
    "@csstools/postcss-font-format-keywords" "^1.0.0"
    "@csstools/postcss-hwb-function" "^1.0.0"
    "@csstools/postcss-is-pseudo-class" "^2.0.0"
    "@csstools/postcss-normalize-display-values" "^1.0.0"
    autoprefixer "^10.4.2"
    browserslist "^4.19.1"
    css-blank-pseudo "^3.0.2"
    css-has-pseudo "^3.0.3"
    css-prefers-color-scheme "^6.0.3"
    cssdb "^6.1.0"
    postcss-attribute-case-insensitive "^5.0.0"
    postcss-clamp "^3.0.0"
    postcss-color-functional-notation "^4.2.1"
    postcss-color-hex-alpha "^8.0.2"
    postcss-color-rebeccapurple "^7.0.2"
    postcss-custom-media "^8.0.0"
    postcss-custom-properties "^12.1.4"
    postcss-custom-selectors "^6.0.0"
    postcss-dir-pseudo-class "^6.0.3"
    postcss-double-position-gradients "^3.0.4"
    postcss-env-function "^4.0.4"
    postcss-focus-visible "^6.0.3"
    postcss-focus-within "^5.0.3"
    postcss-font-variant "^5.0.0"
    postcss-gap-properties "^3.0.2"
    postcss-image-set-function "^4.0.5"
    postcss-initial "^4.0.1"
    postcss-lab-function "^4.0.3"
    postcss-logical "^5.0.3"
    postcss-media-minmax "^5.0.0"
    postcss-nesting "^10.1.2"
    postcss-opacity-percentage "^1.1.1"
    postcss-overflow-shorthand "^3.0.2"
    postcss-page-break "^3.0.4"
    postcss-place "^7.0.3"
    postcss-pseudo-class-any-link "^7.1.0"
    postcss-replace-overflow-wrap "^4.0.0"
    postcss-selector-not "^5.0.0"

postcss-pseudo-class-any-link@^7.1.0:
  version "7.1.0"
  resolved "https://registry.yarnpkg.com/postcss-pseudo-class-any-link/-/postcss-pseudo-class-any-link-7.1.0.tgz#88eb02b9529c5458ffebc68df3760534b6c9fbbf"
  integrity sha512-l7sAkLmm3bYq8wt8/0r/dn6o9mVCPq7MOiNrb/Xi2zBlw/+w1V2jKFo/3IijKHfJ92SwDqkVLPwQfGO3xxUdAw==
  dependencies:
    postcss-selector-parser "^6.0.9"

postcss-replace-overflow-wrap@^4.0.0:
  version "4.0.0"
  resolved "https://registry.yarnpkg.com/postcss-replace-overflow-wrap/-/postcss-replace-overflow-wrap-4.0.0.tgz#d2df6bed10b477bf9c52fab28c568b4b29ca4319"
  integrity sha512-KmF7SBPphT4gPPcKZc7aDkweHiKEEO8cla/GjcBK+ckKxiZslIu3C4GCRW3DNfL0o7yW7kMQu9xlZ1kXRXLXtw==

postcss-selector-not@^5.0.0:
  version "5.0.0"
  resolved "https://registry.yarnpkg.com/postcss-selector-not/-/postcss-selector-not-5.0.0.tgz#ac5fc506f7565dd872f82f5314c0f81a05630dc7"
  integrity sha512-/2K3A4TCP9orP4TNS7u3tGdRFVKqz/E6pX3aGnriPG0jU78of8wsUcqE4QAhWEU0d+WnMSF93Ah3F//vUtK+iQ==
  dependencies:
    balanced-match "^1.0.0"

postcss-selector-parser@^6.0.2, postcss-selector-parser@^6.0.4, postcss-selector-parser@^6.0.8:
  version "6.0.8"
  resolved "https://registry.yarnpkg.com/postcss-selector-parser/-/postcss-selector-parser-6.0.8.tgz#f023ed7a9ea736cd7ef70342996e8e78645a7914"
  integrity sha512-D5PG53d209Z1Uhcc0qAZ5U3t5HagH3cxu+WLZ22jt3gLUpXM4eXXfiO14jiDWST3NNooX/E8wISfOhZ9eIjGTQ==
  dependencies:
    cssesc "^3.0.0"
    util-deprecate "^1.0.2"

postcss-selector-parser@^6.0.9:
  version "6.0.9"
  resolved "https://registry.yarnpkg.com/postcss-selector-parser/-/postcss-selector-parser-6.0.9.tgz#ee71c3b9ff63d9cd130838876c13a2ec1a992b2f"
  integrity sha512-UO3SgnZOVTwu4kyLR22UQ1xZh086RyNZppb7lLAKBFK8a32ttG5i87Y/P3+2bRSjZNyJ1B7hfFNo273tKe9YxQ==
  dependencies:
    cssesc "^3.0.0"
    util-deprecate "^1.0.2"

postcss-value-parser@^4.0.0, postcss-value-parser@^4.1.0, postcss-value-parser@^4.2.0:
  version "4.2.0"
  resolved "https://registry.yarnpkg.com/postcss-value-parser/-/postcss-value-parser-4.2.0.tgz#723c09920836ba6d3e5af019f92bc0971c02e514"
  integrity sha512-1NNCs6uurfkVbeXG4S8JFT9t19m45ICnif8zWLd5oPSZ50QnwMfK+H3jv408d4jw/7Bttv5axS5IiHoLaVNHeQ==

postcss@8.4.5:
  version "8.4.5"
  resolved "https://registry.yarnpkg.com/postcss/-/postcss-8.4.5.tgz#bae665764dfd4c6fcc24dc0fdf7e7aa00cc77f95"
  integrity sha512-jBDboWM8qpaqwkMwItqTQTiFikhs/67OYVvblFFTM7MrZjt6yMKd6r2kgXizEbTTljacm4NldIlZnhbjr84QYg==
  dependencies:
    nanoid "^3.1.30"
    picocolors "^1.0.0"
    source-map-js "^1.0.1"

prismjs@1.26.0:
  version "1.26.0"
  resolved "https://registry.yarnpkg.com/prismjs/-/prismjs-1.26.0.tgz#16881b594828bb6b45296083a8cbab46b0accd47"
  integrity sha512-HUoH9C5Z3jKkl3UunCyiD5jwk0+Hz0fIgQ2nbwU2Oo/ceuTAQAg+pPVnfdt2TJWRVLcxKh9iuoYDUSc8clb5UQ==

read-cache@^1.0.0:
  version "1.0.0"
  resolved "https://registry.yarnpkg.com/read-cache/-/read-cache-1.0.0.tgz#e664ef31161166c9751cdbe8dbcf86b5fb58f774"
  integrity sha1-5mTvMRYRZsl1HNvo28+GtftY93Q=
  dependencies:
    pify "^2.3.0"

resolve@^1.1.7:
  version "1.21.0"
  resolved "https://registry.yarnpkg.com/resolve/-/resolve-1.21.0.tgz#b51adc97f3472e6a5cf4444d34bc9d6b9037591f"
  integrity sha512-3wCbTpk5WJlyE4mSOtDLhqQmGFi0/TD9VPwmiolnk8U0wRgMEktqCXd3vy5buTO3tljvalNvKrjHEfrd2WpEKA==
  dependencies:
    is-core-module "^2.8.0"
    path-parse "^1.0.7"
    supports-preserve-symlinks-flag "^1.0.0"

source-map-js@^1.0.1:
  version "1.0.1"
  resolved "https://registry.yarnpkg.com/source-map-js/-/source-map-js-1.0.1.tgz#a1741c131e3c77d048252adfa24e23b908670caf"
  integrity sha512-4+TN2b3tqOCd/kaGRJ/sTYA0tR0mdXx26ipdolxcwtJVqEnqNYvlCAt1q3ypy4QMlYus+Zh34RNtYLoq2oQ4IA==

supports-preserve-symlinks-flag@^1.0.0:
  version "1.0.0"
  resolved "https://registry.yarnpkg.com/supports-preserve-symlinks-flag/-/supports-preserve-symlinks-flag-1.0.0.tgz#6eda4bd344a3c94aea376d4cc31bc77311039e09"
  integrity sha512-ot0WnXS9fgdkgIcePe6RHNk1WA8+muPa6cSjeR3V8K27q9BB1rTE3R1p7Hv0z1ZyAc8s6Vvv8DIyWf681MAt0w==

util-deprecate@^1.0.2:
  version "1.0.2"
  resolved "https://registry.yarnpkg.com/util-deprecate/-/util-deprecate-1.0.2.tgz#450d4dc9fa70de732762fbd2d4a28981419a0ccf"
  integrity sha1-RQ1Nyfpw3nMnYvvS1KKJgUGaDM8=

wrappy@1:
  version "1.0.2"
  resolved "https://registry.yarnpkg.com/wrappy/-/wrappy-1.0.2.tgz#b5243d8f3ec1aa35f1364605bc0d1036e30ab69f"
  integrity sha1-tSQ9jz7BqjXxNkYFvA0QNuMKtp8=

yaml@^1.10.2:
  version "1.10.2"
  resolved "https://registry.yarnpkg.com/yaml/-/yaml-1.10.2.tgz#2301c5ffbf12b467de8da2333a459e29e7920e4b"
  integrity sha512-r3vXyErRCYJ7wg28yvBY5VSoAF8ZvlcW9/BwUzEtUsjvX/DKs24dIkuwjtuprwJJHsbyUbLApepYTR1BN4uHrg==
